// !$*UTF8*$!
{
	archiveVersion = 1;
	classes = {
	};
	objectVersion = 46;
	objects = {

/* Begin PBXBuildFile section */
		1AC6FB21180E996B004C840B /* libcocos2d Mac.a in Frameworks */ = {isa = PBXBuildFile; fileRef = 1AC6FAF9180E9839004C840B /* libcocos2d Mac.a */; };
		1AC6FB30180E99EB004C840B /* libcocos2d iOS.a in Frameworks */ = {isa = PBXBuildFile; fileRef = 1AC6FB07180E9839004C840B /* libcocos2d iOS.a */; };
		1D60589F0D05DD5A006BFB54 /* Foundation.framework in Frameworks */ = {isa = PBXBuildFile; fileRef = 1D30AB110D05D00D00671497 /* Foundation.framework */; };
		1DF5F4E00D08C38300B7A737 /* UIKit.framework in Frameworks */ = {isa = PBXBuildFile; fileRef = 1DF5F4DF0D08C38300B7A737 /* UIKit.framework */; };
		288765A50DF7441C002DB57D /* CoreGraphics.framework in Frameworks */ = {isa = PBXBuildFile; fileRef = 288765A40DF7441C002DB57D /* CoreGraphics.framework */; };
		294D0D641D0D56D500F7F5D4 /* CoreText.framework in Frameworks */ = {isa = PBXBuildFile; fileRef = 294D0D631D0D56D500F7F5D4 /* CoreText.framework */; };
		503AE0F817EB97AB00D1A890 /* Icon.icns in Resources */ = {isa = PBXBuildFile; fileRef = 503AE0F617EB97AB00D1A890 /* Icon.icns */; };
		503AE10117EB989F00D1A890 /* main.m in Sources */ = {isa = PBXBuildFile; fileRef = 503AE0FC17EB989F00D1A890 /* main.m */; };
		503AE10517EB98FF00D1A890 /* main.cpp in Sources */ = {isa = PBXBuildFile; fileRef = 503AE10317EB98FF00D1A890 /* main.cpp */; };
		503AE11B17EB9C5A00D1A890 /* IOKit.framework in Frameworks */ = {isa = PBXBuildFile; fileRef = 503AE11A17EB9C5A00D1A890 /* IOKit.framework */; };
		5087E76317EB910900C73F5D /* Foundation.framework in Frameworks */ = {isa = PBXBuildFile; fileRef = 1D30AB110D05D00D00671497 /* Foundation.framework */; };
		5087E76717EB910900C73F5D /* libz.dylib in Frameworks */ = {isa = PBXBuildFile; fileRef = BF170DB412928DE900B8313A /* libz.dylib */; };
		5087E76817EB910900C73F5D /* QuartzCore.framework in Frameworks */ = {isa = PBXBuildFile; fileRef = BF1C47EA1293683800B63C5D /* QuartzCore.framework */; };
		5087E76917EB910900C73F5D /* OpenAL.framework in Frameworks */ = {isa = PBXBuildFile; fileRef = D44C620B132DFF330009C878 /* OpenAL.framework */; };
		5087E76A17EB910900C73F5D /* AVFoundation.framework in Frameworks */ = {isa = PBXBuildFile; fileRef = D44C620D132DFF430009C878 /* AVFoundation.framework */; };
		5087E76B17EB910900C73F5D /* AudioToolbox.framework in Frameworks */ = {isa = PBXBuildFile; fileRef = D44C620F132DFF4E0009C878 /* AudioToolbox.framework */; };
		5087E77D17EB970100C73F5D /* Default-568h@2x.png in Resources */ = {isa = PBXBuildFile; fileRef = 5087E77217EB970100C73F5D /* Default-568h@2x.png */; };
		5087E77E17EB970100C73F5D /* Default.png in Resources */ = {isa = PBXBuildFile; fileRef = 5087E77317EB970100C73F5D /* Default.png */; };
		5087E77F17EB970100C73F5D /* Default@2x.png in Resources */ = {isa = PBXBuildFile; fileRef = 5087E77417EB970100C73F5D /* Default@2x.png */; };
		5087E78017EB970100C73F5D /* Icon-114.png in Resources */ = {isa = PBXBuildFile; fileRef = 5087E77517EB970100C73F5D /* Icon-114.png */; };
		5087E78117EB970100C73F5D /* Icon-120.png in Resources */ = {isa = PBXBuildFile; fileRef = 5087E77617EB970100C73F5D /* Icon-120.png */; };
		5087E78217EB970100C73F5D /* Icon-144.png in Resources */ = {isa = PBXBuildFile; fileRef = 5087E77717EB970100C73F5D /* Icon-144.png */; };
		5087E78317EB970100C73F5D /* Icon-152.png in Resources */ = {isa = PBXBuildFile; fileRef = 5087E77817EB970100C73F5D /* Icon-152.png */; };
		5087E78417EB970100C73F5D /* Icon-57.png in Resources */ = {isa = PBXBuildFile; fileRef = 5087E77917EB970100C73F5D /* Icon-57.png */; };
		5087E78517EB970100C73F5D /* Icon-72.png in Resources */ = {isa = PBXBuildFile; fileRef = 5087E77A17EB970100C73F5D /* Icon-72.png */; };
		5087E78617EB970100C73F5D /* Icon-76.png in Resources */ = {isa = PBXBuildFile; fileRef = 5087E77B17EB970100C73F5D /* Icon-76.png */; };
		5087E78917EB974C00C73F5D /* AppKit.framework in Frameworks */ = {isa = PBXBuildFile; fileRef = 5087E78817EB974C00C73F5D /* AppKit.framework */; };
		5087E78B17EB975400C73F5D /* OpenGL.framework in Frameworks */ = {isa = PBXBuildFile; fileRef = 5087E78A17EB975400C73F5D /* OpenGL.framework */; };
		50EF629617ECD46A001EB2F8 /* Icon-40.png in Resources */ = {isa = PBXBuildFile; fileRef = 50EF629217ECD46A001EB2F8 /* Icon-40.png */; };
		50EF629717ECD46A001EB2F8 /* Icon-58.png in Resources */ = {isa = PBXBuildFile; fileRef = 50EF629317ECD46A001EB2F8 /* Icon-58.png */; };
		50EF629817ECD46A001EB2F8 /* Icon-80.png in Resources */ = {isa = PBXBuildFile; fileRef = 50EF629417ECD46A001EB2F8 /* Icon-80.png */; };
		50EF629917ECD46A001EB2F8 /* Icon-100.png in Resources */ = {isa = PBXBuildFile; fileRef = 50EF629517ECD46A001EB2F8 /* Icon-100.png */; };
		50EF62A217ECD613001EB2F8 /* Icon-29.png in Resources */ = {isa = PBXBuildFile; fileRef = 50EF62A017ECD613001EB2F8 /* Icon-29.png */; };
		50EF62A317ECD613001EB2F8 /* Icon-50.png in Resources */ = {isa = PBXBuildFile; fileRef = 50EF62A117ECD613001EB2F8 /* Icon-50.png */; };
		521A8E6419F0C34300D177D7 /* Default-667h@2x.png in Resources */ = {isa = PBXBuildFile; fileRef = 521A8E6219F0C34300D177D7 /* Default-667h@2x.png */; };
		521A8E6519F0C34300D177D7 /* Default-736h@3x.png in Resources */ = {isa = PBXBuildFile; fileRef = 521A8E6319F0C34300D177D7 /* Default-736h@3x.png */; };
		52B47A471A53D09C004E4C60 /* Security.framework in Frameworks */ = {isa = PBXBuildFile; fileRef = 52B47A461A53D09B004E4C60 /* Security.framework */; };
		653946061DD8EEB900D9E0E5 /* banner.png in Resources */ = {isa = PBXBuildFile; fileRef = 653945F91DD8EEB900D9E0E5 /* banner.png */; };
		653946071DD8EEB900D9E0E5 /* definition.png in Resources */ = {isa = PBXBuildFile; fileRef = 653945FA1DD8EEB900D9E0E5 /* definition.png */; };
		653946081DD8EEB900D9E0E5 /* dict in Resources */ = {isa = PBXBuildFile; fileRef = 653945FB1DD8EEB900D9E0E5 /* dict */; };
		653946091DD8EEB900D9E0E5 /* fonts in Resources */ = {isa = PBXBuildFile; fileRef = 653945FC1DD8EEB900D9E0E5 /* fonts */; };
		6539460A1DD8EEB900D9E0E5 /* future.png in Resources */ = {isa = PBXBuildFile; fileRef = 653945FD1DD8EEB900D9E0E5 /* future.png */; };
		6539460B1DD8EEB900D9E0E5 /* HelloWorld.png in Resources */ = {isa = PBXBuildFile; fileRef = 653945FE1DD8EEB900D9E0E5 /* HelloWorld.png */; };
		6539460C1DD8EEB900D9E0E5 /* icons in Resources */ = {isa = PBXBuildFile; fileRef = 653945FF1DD8EEB900D9E0E5 /* icons */; };
		6539460D1DD8EEB900D9E0E5 /* menu-buttons in Resources */ = {isa = PBXBuildFile; fileRef = 653946001DD8EEB900D9E0E5 /* menu-buttons */; };
		6539460E1DD8EEB900D9E0E5 /* puzzles.quat in Resources */ = {isa = PBXBuildFile; fileRef = 653946011DD8EEB900D9E0E5 /* puzzles.quat */; };
		6539460F1DD8EEB900D9E0E5 /* res in Resources */ = {isa = PBXBuildFile; fileRef = 653946021DD8EEB900D9E0E5 /* res */; };
		653946101DD8EEB900D9E0E5 /* skip.png in Resources */ = {isa = PBXBuildFile; fileRef = 653946031DD8EEB900D9E0E5 /* skip.png */; };
		653946111DD8EEB900D9E0E5 /* undo.png in Resources */ = {isa = PBXBuildFile; fileRef = 653946041DD8EEB900D9E0E5 /* undo.png */; };
		653946121DD8EEB900D9E0E5 /* wordbook.png in Resources */ = {isa = PBXBuildFile; fileRef = 653946051DD8EEB900D9E0E5 /* wordbook.png */; };
		65861DED1E2C64270020AA02 /* AdLayer.cpp in Sources */ = {isa = PBXBuildFile; fileRef = 65861D561E2C64270020AA02 /* AdLayer.cpp */; };
		65861DEE1E2C64270020AA02 /* AppDelegate.cpp in Sources */ = {isa = PBXBuildFile; fileRef = 65861D581E2C64270020AA02 /* AppDelegate.cpp */; };
		65861DEF1E2C64270020AA02 /* BackgroundLayer.cpp in Sources */ = {isa = PBXBuildFile; fileRef = 65861D5A1E2C64270020AA02 /* BackgroundLayer.cpp */; };
		65861DF01E2C64270020AA02 /* Clickable.cpp in Sources */ = {isa = PBXBuildFile; fileRef = 65861D5C1E2C64270020AA02 /* Clickable.cpp */; };
		65861DF11E2C64270020AA02 /* CloseButton.cpp in Sources */ = {isa = PBXBuildFile; fileRef = 65861D5E1E2C64270020AA02 /* CloseButton.cpp */; };
		65861DF41E2C64270020AA02 /* GameScene.cpp in Sources */ = {isa = PBXBuildFile; fileRef = 65861D661E2C64270020AA02 /* GameScene.cpp */; };
		65861DF51E2C64270020AA02 /* GameStateController.cpp in Sources */ = {isa = PBXBuildFile; fileRef = 65861D681E2C64270020AA02 /* GameStateController.cpp */; };
		65861DF61E2C64270020AA02 /* BannerButton.cpp in Sources */ = {isa = PBXBuildFile; fileRef = 65861D6B1E2C64270020AA02 /* BannerButton.cpp */; };
		65861DF71E2C64270020AA02 /* BuyLayer.cpp in Sources */ = {isa = PBXBuildFile; fileRef = 65861D6D1E2C64270020AA02 /* BuyLayer.cpp */; };
		65861DF81E2C64270020AA02 /* CreditsLayer.cpp in Sources */ = {isa = PBXBuildFile; fileRef = 65861D6F1E2C64270020AA02 /* CreditsLayer.cpp */; };
		65861DF91E2C64270020AA02 /* DrawnBanner.cpp in Sources */ = {isa = PBXBuildFile; fileRef = 65861D711E2C64270020AA02 /* DrawnBanner.cpp */; };
		65861DFA1E2C64270020AA02 /* EndlessLayer.cpp in Sources */ = {isa = PBXBuildFile; fileRef = 65861D731E2C64270020AA02 /* EndlessLayer.cpp */; };
		65861DFB1E2C64270020AA02 /* FAMenuButton.cpp in Sources */ = {isa = PBXBuildFile; fileRef = 65861D751E2C64270020AA02 /* FAMenuButton.cpp */; };
		65861DFC1E2C64270020AA02 /* IconMenuButton.cpp in Sources */ = {isa = PBXBuildFile; fileRef = 65861D771E2C64270020AA02 /* IconMenuButton.cpp */; };
		65861DFD1E2C64270020AA02 /* MenuButton.cpp in Sources */ = {isa = PBXBuildFile; fileRef = 65861D791E2C64270020AA02 /* MenuButton.cpp */; };
		65861DFE1E2C64270020AA02 /* MenuLayer.cpp in Sources */ = {isa = PBXBuildFile; fileRef = 65861D7B1E2C64270020AA02 /* MenuLayer.cpp */; };
		65861DFF1E2C64270020AA02 /* NavButtonLayer.cpp in Sources */ = {isa = PBXBuildFile; fileRef = 65861D7D1E2C64270020AA02 /* NavButtonLayer.cpp */; };
		65861E001E2C64270020AA02 /* RankCard.cpp in Sources */ = {isa = PBXBuildFile; fileRef = 65861D7F1E2C64270020AA02 /* RankCard.cpp */; };
		65861E011E2C64270020AA02 /* TimedCard.cpp in Sources */ = {isa = PBXBuildFile; fileRef = 65861D811E2C64270020AA02 /* TimedCard.cpp */; };
		65861E021E2C64270020AA02 /* TimedLayer.cpp in Sources */ = {isa = PBXBuildFile; fileRef = 65861D831E2C64270020AA02 /* TimedLayer.cpp */; };
		65861E031E2C64270020AA02 /* MenuButtonLayer.cpp in Sources */ = {isa = PBXBuildFile; fileRef = 65861D851E2C64270020AA02 /* MenuButtonLayer.cpp */; };
		65861E041E2C64270020AA02 /* Blitzer.cpp in Sources */ = {isa = PBXBuildFile; fileRef = 65861D881E2C64270020AA02 /* Blitzer.cpp */; };
		65861E051E2C64270020AA02 /* Dictionary.cpp in Sources */ = {isa = PBXBuildFile; fileRef = 65861D8A1E2C64270020AA02 /* Dictionary.cpp */; };
		65861E061E2C64270020AA02 /* Game.cpp in Sources */ = {isa = PBXBuildFile; fileRef = 65861D8C1E2C64270020AA02 /* Game.cpp */; };
		65861E071E2C64270020AA02 /* GameState.cpp in Sources */ = {isa = PBXBuildFile; fileRef = 65861D8E1E2C64270020AA02 /* GameState.cpp */; };
		65861E081E2C64280020AA02 /* key in Resources */ = {isa = PBXBuildFile; fileRef = 65861D911E2C64270020AA02 /* key */; };
		65861E091E2C64280020AA02 /* key.cpp in Sources */ = {isa = PBXBuildFile; fileRef = 65861D921E2C64270020AA02 /* key.cpp */; };
		65861E0A1E2C64280020AA02 /* README.md in Sources */ = {isa = PBXBuildFile; fileRef = 65861D941E2C64270020AA02 /* README.md */; };
		65861E0B1E2C64280020AA02 /* Puzzle.cpp in Sources */ = {isa = PBXBuildFile; fileRef = 65861D951E2C64270020AA02 /* Puzzle.cpp */; };
		65861E0C1E2C64280020AA02 /* PuzzleManager.cpp in Sources */ = {isa = PBXBuildFile; fileRef = 65861D971E2C64270020AA02 /* PuzzleManager.cpp */; };
		65861E0D1E2C64280020AA02 /* QuatStream.cpp in Sources */ = {isa = PBXBuildFile; fileRef = 65861D991E2C64270020AA02 /* QuatStream.cpp */; };
		65861E0E1E2C64280020AA02 /* Theme.cpp in Sources */ = {isa = PBXBuildFile; fileRef = 65861D9B1E2C64270020AA02 /* Theme.cpp */; };
		65861E0F1E2C64280020AA02 /* RankTheme.cpp in Sources */ = {isa = PBXBuildFile; fileRef = 65861D9F1E2C64270020AA02 /* RankTheme.cpp */; };
		65861E101E2C64280020AA02 /* TimedState.cpp in Sources */ = {isa = PBXBuildFile; fileRef = 65861DA11E2C64270020AA02 /* TimedState.cpp */; };
		65861E111E2C64280020AA02 /* TimeUtils.cpp in Sources */ = {isa = PBXBuildFile; fileRef = 65861DA31E2C64270020AA02 /* TimeUtils.cpp */; };
		65861E121E2C64280020AA02 /* User.cpp in Sources */ = {isa = PBXBuildFile; fileRef = 65861DA51E2C64270020AA02 /* User.cpp */; };
		65861E131E2C64280020AA02 /* CircleNode.cpp in Sources */ = {isa = PBXBuildFile; fileRef = 65861DA81E2C64270020AA02 /* CircleNode.cpp */; };
		65861E141E2C64280020AA02 /* IconNode.cpp in Sources */ = {isa = PBXBuildFile; fileRef = 65861DAA1E2C64270020AA02 /* IconNode.cpp */; };
		65861E151E2C64280020AA02 /* ProgressBar.cpp in Sources */ = {isa = PBXBuildFile; fileRef = 65861DAC1E2C64270020AA02 /* ProgressBar.cpp */; };
		65861E161E2C64280020AA02 /* RectRadius.cpp in Sources */ = {isa = PBXBuildFile; fileRef = 65861DAE1E2C64270020AA02 /* RectRadius.cpp */; };
		65861E181E2C64280020AA02 /* BannerButtonLayer.cpp in Sources */ = {isa = PBXBuildFile; fileRef = 65861DB51E2C64270020AA02 /* BannerButtonLayer.cpp */; };
		65861E191E2C64280020AA02 /* ExplodingCircle.cpp in Sources */ = {isa = PBXBuildFile; fileRef = 65861DB71E2C64270020AA02 /* ExplodingCircle.cpp */; };
		65861E1A1E2C64280020AA02 /* BlitzIndicatorLayer.cpp in Sources */ = {isa = PBXBuildFile; fileRef = 65861DB91E2C64270020AA02 /* BlitzIndicatorLayer.cpp */; };
		65861E1B1E2C64280020AA02 /* DefinitionButtonLayer.cpp in Sources */ = {isa = PBXBuildFile; fileRef = 65861DBB1E2C64270020AA02 /* DefinitionButtonLayer.cpp */; };
		65861E1C1E2C64280020AA02 /* IndicatorLayer.cpp in Sources */ = {isa = PBXBuildFile; fileRef = 65861DBD1E2C64270020AA02 /* IndicatorLayer.cpp */; };
		65861E1D1E2C64280020AA02 /* ProgressIndicatorLayer.cpp in Sources */ = {isa = PBXBuildFile; fileRef = 65861DBF1E2C64270020AA02 /* ProgressIndicatorLayer.cpp */; };
		65861E1E1E2C64280020AA02 /* ProgressLayer.g in Resources */ = {isa = PBXBuildFile; fileRef = 65861DC11E2C64270020AA02 /* ProgressLayer.g */; };
		65861E1F1E2C64280020AA02 /* StepsIndicatorLayer.cpp in Sources */ = {isa = PBXBuildFile; fileRef = 65861DC31E2C64270020AA02 /* StepsIndicatorLayer.cpp */; };
		65861E201E2C64280020AA02 /* StepsLayer.cpp in Sources */ = {isa = PBXBuildFile; fileRef = 65861DC51E2C64270020AA02 /* StepsLayer.cpp */; };
		65861E211E2C64280020AA02 /* TextIndicatorLayer.cpp in Sources */ = {isa = PBXBuildFile; fileRef = 65861DC71E2C64270020AA02 /* TextIndicatorLayer.cpp */; };
		65861E221E2C64280020AA02 /* TimedIndicatorLayer.cpp in Sources */ = {isa = PBXBuildFile; fileRef = 65861DC91E2C64270020AA02 /* TimedIndicatorLayer.cpp */; };
		65861E231E2C64280020AA02 /* .ButtonsLayer.cpp.swo in Resources */ = {isa = PBXBuildFile; fileRef = 65861DCC1E2C64270020AA02 /* .ButtonsLayer.cpp.swo */; };
		65861E241E2C64280020AA02 /* BorderedWordNode.cpp in Sources */ = {isa = PBXBuildFile; fileRef = 65861DCD1E2C64270020AA02 /* BorderedWordNode.cpp */; };
		65861E251E2C64280020AA02 /* ButtonsLayer.cpp in Sources */ = {isa = PBXBuildFile; fileRef = 65861DCF1E2C64270020AA02 /* ButtonsLayer.cpp */; };
		65861E261E2C64280020AA02 /* FutureSightButtonLayer.cpp in Sources */ = {isa = PBXBuildFile; fileRef = 65861DD11E2C64270020AA02 /* FutureSightButtonLayer.cpp */; };
		65861E271E2C64280020AA02 /* KeyboardLayer.cpp in Sources */ = {isa = PBXBuildFile; fileRef = 65861DD31E2C64270020AA02 /* KeyboardLayer.cpp */; };
		65861E281E2C64280020AA02 /* SkipButtonLayer.cpp in Sources */ = {isa = PBXBuildFile; fileRef = 65861DD51E2C64270020AA02 /* SkipButtonLayer.cpp */; };
		65861E291E2C64280020AA02 /* SolverKeyboardManager.cpp in Sources */ = {isa = PBXBuildFile; fileRef = 65861DD71E2C64270020AA02 /* SolverKeyboardManager.cpp */; };
		65861E2A1E2C64280020AA02 /* SolverTouchInputManager.cpp in Sources */ = {isa = PBXBuildFile; fileRef = 65861DD91E2C64270020AA02 /* SolverTouchInputManager.cpp */; };
		65861E2B1E2C64280020AA02 /* UndoButtonLayer.cpp in Sources */ = {isa = PBXBuildFile; fileRef = 65861DDB1E2C64270020AA02 /* UndoButtonLayer.cpp */; };
		65861E2C1E2C64280020AA02 /* WordNode.cpp in Sources */ = {isa = PBXBuildFile; fileRef = 65861DDD1E2C64270020AA02 /* WordNode.cpp */; };
		65861E2D1E2C64280020AA02 /* PuzzleLayer.cpp in Sources */ = {isa = PBXBuildFile; fileRef = 65861DDF1E2C64270020AA02 /* PuzzleLayer.cpp */; };
		65861E2E1E2C64280020AA02 /* SolverStateController.cpp in Sources */ = {isa = PBXBuildFile; fileRef = 65861DE11E2C64270020AA02 /* SolverStateController.cpp */; };
		65861E2F1E2C64280020AA02 /* HighScoreLayer.cpp in Sources */ = {isa = PBXBuildFile; fileRef = 65861DE51E2C64270020AA02 /* HighScoreLayer.cpp */; };
		65861E301E2C64280020AA02 /* TimedTransitionLayer.cpp in Sources */ = {isa = PBXBuildFile; fileRef = 65861DE71E2C64270020AA02 /* TimedTransitionLayer.cpp */; };
		65861E311E2C64280020AA02 /* TouchInputManager.cpp in Sources */ = {isa = PBXBuildFile; fileRef = 65861DE91E2C64270020AA02 /* TouchInputManager.cpp */; };
		65861E321E2C64280020AA02 /* Utils.cpp in Sources */ = {isa = PBXBuildFile; fileRef = 65861DEB1E2C64270020AA02 /* Utils.cpp */; };
		65861E331E2C64EB0020AA02 /* AppController.h in Sources */ = {isa = PBXBuildFile; fileRef = 503AE0FA17EB989F00D1A890 /* AppController.h */; };
		65861E341E2C64EB0020AA02 /* AppController.mm in Sources */ = {isa = PBXBuildFile; fileRef = 503AE0FB17EB989F00D1A890 /* AppController.mm */; };
		65861E351E2C64EB0020AA02 /* Prefix.pch in Sources */ = {isa = PBXBuildFile; fileRef = 503AE0FD17EB989F00D1A890 /* Prefix.pch */; };
		65861E361E2C64EB0020AA02 /* RootViewController.h in Sources */ = {isa = PBXBuildFile; fileRef = 503AE0FE17EB989F00D1A890 /* RootViewController.h */; };
		65861E371E2C64EB0020AA02 /* RootViewController.mm in Sources */ = {isa = PBXBuildFile; fileRef = 503AE0FF17EB989F00D1A890 /* RootViewController.mm */; };
		8262943E1AAF051F00CB7CF7 /* Security.framework in Frameworks */ = {isa = PBXBuildFile; fileRef = 8262943D1AAF051F00CB7CF7 /* Security.framework */; };
		BF171245129291EC00B8313A /* OpenGLES.framework in Frameworks */ = {isa = PBXBuildFile; fileRef = BF170DB012928DE900B8313A /* OpenGLES.framework */; };
		BF1712471292920000B8313A /* libz.dylib in Frameworks */ = {isa = PBXBuildFile; fileRef = BF170DB412928DE900B8313A /* libz.dylib */; };
		BF1C47F01293687400B63C5D /* QuartzCore.framework in Frameworks */ = {isa = PBXBuildFile; fileRef = BF1C47EA1293683800B63C5D /* QuartzCore.framework */; };
		D44C620C132DFF330009C878 /* OpenAL.framework in Frameworks */ = {isa = PBXBuildFile; fileRef = D44C620B132DFF330009C878 /* OpenAL.framework */; };
		D44C620E132DFF430009C878 /* AVFoundation.framework in Frameworks */ = {isa = PBXBuildFile; fileRef = D44C620D132DFF430009C878 /* AVFoundation.framework */; };
		D44C6210132DFF4E0009C878 /* AudioToolbox.framework in Frameworks */ = {isa = PBXBuildFile; fileRef = D44C620F132DFF4E0009C878 /* AudioToolbox.framework */; };
		D6B0611B1803AB670077942B /* CoreMotion.framework in Frameworks */ = {isa = PBXBuildFile; fileRef = D6B0611A1803AB670077942B /* CoreMotion.framework */; };
		ED545A7C1B68A1F400C3958E /* libiconv.dylib in Frameworks */ = {isa = PBXBuildFile; fileRef = ED545A7B1B68A1F400C3958E /* libiconv.dylib */; };
		ED545A7E1B68A1FA00C3958E /* libiconv.dylib in Frameworks */ = {isa = PBXBuildFile; fileRef = ED545A7D1B68A1FA00C3958E /* libiconv.dylib */; };
/* End PBXBuildFile section */

/* Begin PBXContainerItemProxy section */
		1AC6FAF8180E9839004C840B /* PBXContainerItemProxy */ = {
			isa = PBXContainerItemProxy;
			containerPortal = 1AC6FAE5180E9839004C840B /* cocos2d_libs.xcodeproj */;
			proxyType = 2;
			remoteGlobalIDString = 1551A33F158F2AB200E66CFE;
			remoteInfo = "cocos2dx Mac";
		};
		1AC6FB06180E9839004C840B /* PBXContainerItemProxy */ = {
			isa = PBXContainerItemProxy;
			containerPortal = 1AC6FAE5180E9839004C840B /* cocos2d_libs.xcodeproj */;
			proxyType = 2;
			remoteGlobalIDString = A07A4D641783777C0073F6A7;
			remoteInfo = "cocos2dx iOS";
		};
		1AC6FB15180E9959004C840B /* PBXContainerItemProxy */ = {
			isa = PBXContainerItemProxy;
			containerPortal = 1AC6FAE5180E9839004C840B /* cocos2d_libs.xcodeproj */;
			proxyType = 1;
			remoteGlobalIDString = 1551A33E158F2AB200E66CFE;
			remoteInfo = "cocos2dx Mac";
		};
		1AC6FB24180E99E1004C840B /* PBXContainerItemProxy */ = {
			isa = PBXContainerItemProxy;
			containerPortal = 1AC6FAE5180E9839004C840B /* cocos2d_libs.xcodeproj */;
			proxyType = 1;
			remoteGlobalIDString = A07A4C241783777C0073F6A7;
			remoteInfo = "cocos2dx iOS";
		};
		65BE1EA61DB8227100A97A2F /* PBXContainerItemProxy */ = {
			isa = PBXContainerItemProxy;
			containerPortal = 1AC6FAE5180E9839004C840B /* cocos2d_libs.xcodeproj */;
			proxyType = 2;
			remoteGlobalIDString = 507B40FD1C31BDD30067B53E;
			remoteInfo = "libcocos2d tvOS";
		};
/* End PBXContainerItemProxy section */

/* Begin PBXFileReference section */
		1AC6FAE5180E9839004C840B /* cocos2d_libs.xcodeproj */ = {isa = PBXFileReference; lastKnownFileType = "wrapper.pb-project"; name = cocos2d_libs.xcodeproj; path = ../cocos2d/build/cocos2d_libs.xcodeproj; sourceTree = "<group>"; };
		1ACB3243164770DE00914215 /* libcurl.a */ = {isa = PBXFileReference; lastKnownFileType = archive.ar; name = libcurl.a; path = ../../cocos2dx/platform/third_party/ios/libraries/libcurl.a; sourceTree = "<group>"; };
		1D30AB110D05D00D00671497 /* Foundation.framework */ = {isa = PBXFileReference; lastKnownFileType = wrapper.framework; name = Foundation.framework; path = System/Library/Frameworks/Foundation.framework; sourceTree = SDKROOT; };
		1D6058910D05DD3D006BFB54 /* QUAT-mobile.app */ = {isa = PBXFileReference; explicitFileType = wrapper.application; includeInIndex = 0; path = "QUAT-mobile.app"; sourceTree = BUILT_PRODUCTS_DIR; };
		1DF5F4DF0D08C38300B7A737 /* UIKit.framework */ = {isa = PBXFileReference; lastKnownFileType = wrapper.framework; name = UIKit.framework; path = System/Library/Frameworks/UIKit.framework; sourceTree = SDKROOT; };
		288765A40DF7441C002DB57D /* CoreGraphics.framework */ = {isa = PBXFileReference; lastKnownFileType = wrapper.framework; name = CoreGraphics.framework; path = System/Library/Frameworks/CoreGraphics.framework; sourceTree = SDKROOT; };
		294D0D631D0D56D500F7F5D4 /* CoreText.framework */ = {isa = PBXFileReference; lastKnownFileType = wrapper.framework; name = CoreText.framework; path = Platforms/iPhoneOS.platform/Developer/SDKs/iPhoneOS9.3.sdk/System/Library/Frameworks/CoreText.framework; sourceTree = DEVELOPER_DIR; };
		503AE0F617EB97AB00D1A890 /* Icon.icns */ = {isa = PBXFileReference; lastKnownFileType = image.icns; path = Icon.icns; sourceTree = "<group>"; };
		503AE0F717EB97AB00D1A890 /* Info.plist */ = {isa = PBXFileReference; fileEncoding = 4; lastKnownFileType = text.plist.xml; path = Info.plist; sourceTree = "<group>"; };
		503AE0FA17EB989F00D1A890 /* AppController.h */ = {isa = PBXFileReference; fileEncoding = 4; lastKnownFileType = sourcecode.c.h; name = AppController.h; path = ios/AppController.h; sourceTree = SOURCE_ROOT; };
		503AE0FB17EB989F00D1A890 /* AppController.mm */ = {isa = PBXFileReference; fileEncoding = 4; lastKnownFileType = sourcecode.cpp.objcpp; name = AppController.mm; path = ios/AppController.mm; sourceTree = SOURCE_ROOT; };
		503AE0FC17EB989F00D1A890 /* main.m */ = {isa = PBXFileReference; fileEncoding = 4; lastKnownFileType = sourcecode.c.objc; name = main.m; path = ios/main.m; sourceTree = SOURCE_ROOT; };
		503AE0FD17EB989F00D1A890 /* Prefix.pch */ = {isa = PBXFileReference; fileEncoding = 4; lastKnownFileType = sourcecode.c.h; name = Prefix.pch; path = ios/Prefix.pch; sourceTree = SOURCE_ROOT; };
		503AE0FE17EB989F00D1A890 /* RootViewController.h */ = {isa = PBXFileReference; fileEncoding = 4; lastKnownFileType = sourcecode.c.h; name = RootViewController.h; path = ios/RootViewController.h; sourceTree = SOURCE_ROOT; };
		503AE0FF17EB989F00D1A890 /* RootViewController.mm */ = {isa = PBXFileReference; fileEncoding = 4; lastKnownFileType = sourcecode.cpp.objcpp; name = RootViewController.mm; path = ios/RootViewController.mm; sourceTree = SOURCE_ROOT; };
		503AE10317EB98FF00D1A890 /* main.cpp */ = {isa = PBXFileReference; fileEncoding = 4; lastKnownFileType = sourcecode.cpp.cpp; name = main.cpp; path = mac/main.cpp; sourceTree = "<group>"; };
		503AE10417EB98FF00D1A890 /* Prefix.pch */ = {isa = PBXFileReference; fileEncoding = 4; lastKnownFileType = sourcecode.c.h; name = Prefix.pch; path = mac/Prefix.pch; sourceTree = "<group>"; };
		503AE11117EB99EE00D1A890 /* libcurl.dylib */ = {isa = PBXFileReference; lastKnownFileType = "compiled.mach-o.dylib"; name = libcurl.dylib; path = usr/lib/libcurl.dylib; sourceTree = SDKROOT; };
		503AE11A17EB9C5A00D1A890 /* IOKit.framework */ = {isa = PBXFileReference; lastKnownFileType = wrapper.framework; name = IOKit.framework; path = System/Library/Frameworks/IOKit.framework; sourceTree = SDKROOT; };
		5087E76F17EB910900C73F5D /* QUAT-desktop.app */ = {isa = PBXFileReference; explicitFileType = wrapper.application; includeInIndex = 0; path = "QUAT-desktop.app"; sourceTree = BUILT_PRODUCTS_DIR; };
		5087E77217EB970100C73F5D /* Default-568h@2x.png */ = {isa = PBXFileReference; lastKnownFileType = image.png; path = "Default-568h@2x.png"; sourceTree = "<group>"; };
		5087E77317EB970100C73F5D /* Default.png */ = {isa = PBXFileReference; lastKnownFileType = image.png; path = Default.png; sourceTree = "<group>"; };
		5087E77417EB970100C73F5D /* Default@2x.png */ = {isa = PBXFileReference; lastKnownFileType = image.png; path = "Default@2x.png"; sourceTree = "<group>"; };
		5087E77517EB970100C73F5D /* Icon-114.png */ = {isa = PBXFileReference; lastKnownFileType = image.png; path = "Icon-114.png"; sourceTree = "<group>"; };
		5087E77617EB970100C73F5D /* Icon-120.png */ = {isa = PBXFileReference; lastKnownFileType = image.png; path = "Icon-120.png"; sourceTree = "<group>"; };
		5087E77717EB970100C73F5D /* Icon-144.png */ = {isa = PBXFileReference; lastKnownFileType = image.png; path = "Icon-144.png"; sourceTree = "<group>"; };
		5087E77817EB970100C73F5D /* Icon-152.png */ = {isa = PBXFileReference; lastKnownFileType = image.png; path = "Icon-152.png"; sourceTree = "<group>"; };
		5087E77917EB970100C73F5D /* Icon-57.png */ = {isa = PBXFileReference; lastKnownFileType = image.png; path = "Icon-57.png"; sourceTree = "<group>"; };
		5087E77A17EB970100C73F5D /* Icon-72.png */ = {isa = PBXFileReference; lastKnownFileType = image.png; path = "Icon-72.png"; sourceTree = "<group>"; };
		5087E77B17EB970100C73F5D /* Icon-76.png */ = {isa = PBXFileReference; lastKnownFileType = image.png; path = "Icon-76.png"; sourceTree = "<group>"; };
		5087E77C17EB970100C73F5D /* Info.plist */ = {isa = PBXFileReference; fileEncoding = 4; lastKnownFileType = text.plist.xml; path = Info.plist; sourceTree = "<group>"; };
		5087E78817EB974C00C73F5D /* AppKit.framework */ = {isa = PBXFileReference; lastKnownFileType = wrapper.framework; name = AppKit.framework; path = System/Library/Frameworks/AppKit.framework; sourceTree = SDKROOT; };
		5087E78A17EB975400C73F5D /* OpenGL.framework */ = {isa = PBXFileReference; lastKnownFileType = wrapper.framework; name = OpenGL.framework; path = System/Library/Frameworks/OpenGL.framework; sourceTree = SDKROOT; };
		50EF629217ECD46A001EB2F8 /* Icon-40.png */ = {isa = PBXFileReference; lastKnownFileType = image.png; path = "Icon-40.png"; sourceTree = "<group>"; };
		50EF629317ECD46A001EB2F8 /* Icon-58.png */ = {isa = PBXFileReference; lastKnownFileType = image.png; path = "Icon-58.png"; sourceTree = "<group>"; };
		50EF629417ECD46A001EB2F8 /* Icon-80.png */ = {isa = PBXFileReference; lastKnownFileType = image.png; path = "Icon-80.png"; sourceTree = "<group>"; };
		50EF629517ECD46A001EB2F8 /* Icon-100.png */ = {isa = PBXFileReference; lastKnownFileType = image.png; path = "Icon-100.png"; sourceTree = "<group>"; };
		50EF62A017ECD613001EB2F8 /* Icon-29.png */ = {isa = PBXFileReference; lastKnownFileType = image.png; path = "Icon-29.png"; sourceTree = "<group>"; };
		50EF62A117ECD613001EB2F8 /* Icon-50.png */ = {isa = PBXFileReference; lastKnownFileType = image.png; path = "Icon-50.png"; sourceTree = "<group>"; };
		521A8E6219F0C34300D177D7 /* Default-667h@2x.png */ = {isa = PBXFileReference; lastKnownFileType = image.png; path = "Default-667h@2x.png"; sourceTree = "<group>"; };
		521A8E6319F0C34300D177D7 /* Default-736h@3x.png */ = {isa = PBXFileReference; lastKnownFileType = image.png; path = "Default-736h@3x.png"; sourceTree = "<group>"; };
		52B47A461A53D09B004E4C60 /* Security.framework */ = {isa = PBXFileReference; lastKnownFileType = wrapper.framework; name = Security.framework; path = Platforms/iPhoneOS.platform/Developer/SDKs/iPhoneOS8.1.sdk/System/Library/Frameworks/Security.framework; sourceTree = DEVELOPER_DIR; };
		653945F91DD8EEB900D9E0E5 /* banner.png */ = {isa = PBXFileReference; lastKnownFileType = image.png; path = banner.png; sourceTree = "<group>"; };
		653945FA1DD8EEB900D9E0E5 /* definition.png */ = {isa = PBXFileReference; lastKnownFileType = image.png; path = definition.png; sourceTree = "<group>"; };
		653945FB1DD8EEB900D9E0E5 /* dict */ = {isa = PBXFileReference; fileEncoding = 4; lastKnownFileType = text; path = dict; sourceTree = "<group>"; };
		653945FC1DD8EEB900D9E0E5 /* fonts */ = {isa = PBXFileReference; lastKnownFileType = folder; path = fonts; sourceTree = "<group>"; };
		653945FD1DD8EEB900D9E0E5 /* future.png */ = {isa = PBXFileReference; lastKnownFileType = image.png; path = future.png; sourceTree = "<group>"; };
		653945FE1DD8EEB900D9E0E5 /* HelloWorld.png */ = {isa = PBXFileReference; lastKnownFileType = image.png; path = HelloWorld.png; sourceTree = "<group>"; };
		653945FF1DD8EEB900D9E0E5 /* icons */ = {isa = PBXFileReference; lastKnownFileType = folder; path = icons; sourceTree = "<group>"; };
		653946001DD8EEB900D9E0E5 /* menu-buttons */ = {isa = PBXFileReference; lastKnownFileType = folder; path = "menu-buttons"; sourceTree = "<group>"; };
		653946011DD8EEB900D9E0E5 /* puzzles.quat */ = {isa = PBXFileReference; lastKnownFileType = file; path = puzzles.quat; sourceTree = "<group>"; };
		653946021DD8EEB900D9E0E5 /* res */ = {isa = PBXFileReference; lastKnownFileType = folder; path = res; sourceTree = "<group>"; };
		653946031DD8EEB900D9E0E5 /* skip.png */ = {isa = PBXFileReference; lastKnownFileType = image.png; path = skip.png; sourceTree = "<group>"; };
		653946041DD8EEB900D9E0E5 /* undo.png */ = {isa = PBXFileReference; lastKnownFileType = image.png; path = undo.png; sourceTree = "<group>"; };
		653946051DD8EEB900D9E0E5 /* wordbook.png */ = {isa = PBXFileReference; lastKnownFileType = image.png; path = wordbook.png; sourceTree = "<group>"; };
		65861D561E2C64270020AA02 /* AdLayer.cpp */ = {isa = PBXFileReference; fileEncoding = 4; lastKnownFileType = sourcecode.cpp.cpp; path = AdLayer.cpp; sourceTree = "<group>"; };
		65861D571E2C64270020AA02 /* AdLayer.h */ = {isa = PBXFileReference; fileEncoding = 4; lastKnownFileType = sourcecode.c.h; path = AdLayer.h; sourceTree = "<group>"; };
		65861D581E2C64270020AA02 /* AppDelegate.cpp */ = {isa = PBXFileReference; fileEncoding = 4; lastKnownFileType = sourcecode.cpp.cpp; path = AppDelegate.cpp; sourceTree = "<group>"; };
		65861D591E2C64270020AA02 /* AppDelegate.h */ = {isa = PBXFileReference; fileEncoding = 4; lastKnownFileType = sourcecode.c.h; path = AppDelegate.h; sourceTree = "<group>"; };
		65861D5A1E2C64270020AA02 /* BackgroundLayer.cpp */ = {isa = PBXFileReference; fileEncoding = 4; lastKnownFileType = sourcecode.cpp.cpp; path = BackgroundLayer.cpp; sourceTree = "<group>"; };
		65861D5B1E2C64270020AA02 /* BackgroundLayer.h */ = {isa = PBXFileReference; fileEncoding = 4; lastKnownFileType = sourcecode.c.h; path = BackgroundLayer.h; sourceTree = "<group>"; };
		65861D5C1E2C64270020AA02 /* Clickable.cpp */ = {isa = PBXFileReference; fileEncoding = 4; lastKnownFileType = sourcecode.cpp.cpp; path = Clickable.cpp; sourceTree = "<group>"; };
		65861D5D1E2C64270020AA02 /* Clickable.h */ = {isa = PBXFileReference; fileEncoding = 4; lastKnownFileType = sourcecode.c.h; path = Clickable.h; sourceTree = "<group>"; };
		65861D5E1E2C64270020AA02 /* CloseButton.cpp */ = {isa = PBXFileReference; fileEncoding = 4; lastKnownFileType = sourcecode.cpp.cpp; path = CloseButton.cpp; sourceTree = "<group>"; };
		65861D5F1E2C64270020AA02 /* CloseButton.h */ = {isa = PBXFileReference; fileEncoding = 4; lastKnownFileType = sourcecode.c.h; path = CloseButton.h; sourceTree = "<group>"; };
		65861D601E2C64270020AA02 /* Constants.h */ = {isa = PBXFileReference; fileEncoding = 4; lastKnownFileType = sourcecode.c.h; path = Constants.h; sourceTree = "<group>"; };
		65861D661E2C64270020AA02 /* GameScene.cpp */ = {isa = PBXFileReference; fileEncoding = 4; lastKnownFileType = sourcecode.cpp.cpp; path = GameScene.cpp; sourceTree = "<group>"; };
		65861D671E2C64270020AA02 /* GameScene.h */ = {isa = PBXFileReference; fileEncoding = 4; lastKnownFileType = sourcecode.c.h; path = GameScene.h; sourceTree = "<group>"; };
		65861D681E2C64270020AA02 /* GameStateController.cpp */ = {isa = PBXFileReference; fileEncoding = 4; lastKnownFileType = sourcecode.cpp.cpp; path = GameStateController.cpp; sourceTree = "<group>"; };
		65861D691E2C64270020AA02 /* GameStateController.h */ = {isa = PBXFileReference; fileEncoding = 4; lastKnownFileType = sourcecode.c.h; path = GameStateController.h; sourceTree = "<group>"; };
		65861D6B1E2C64270020AA02 /* BannerButton.cpp */ = {isa = PBXFileReference; fileEncoding = 4; lastKnownFileType = sourcecode.cpp.cpp; path = BannerButton.cpp; sourceTree = "<group>"; };
		65861D6C1E2C64270020AA02 /* BannerButton.h */ = {isa = PBXFileReference; fileEncoding = 4; lastKnownFileType = sourcecode.c.h; path = BannerButton.h; sourceTree = "<group>"; };
		65861D6D1E2C64270020AA02 /* BuyLayer.cpp */ = {isa = PBXFileReference; fileEncoding = 4; lastKnownFileType = sourcecode.cpp.cpp; path = BuyLayer.cpp; sourceTree = "<group>"; };
		65861D6E1E2C64270020AA02 /* BuyLayer.h */ = {isa = PBXFileReference; fileEncoding = 4; lastKnownFileType = sourcecode.c.h; path = BuyLayer.h; sourceTree = "<group>"; };
		65861D6F1E2C64270020AA02 /* CreditsLayer.cpp */ = {isa = PBXFileReference; fileEncoding = 4; lastKnownFileType = sourcecode.cpp.cpp; path = CreditsLayer.cpp; sourceTree = "<group>"; };
		65861D701E2C64270020AA02 /* CreditsLayer.h */ = {isa = PBXFileReference; fileEncoding = 4; lastKnownFileType = sourcecode.c.h; path = CreditsLayer.h; sourceTree = "<group>"; };
		65861D711E2C64270020AA02 /* DrawnBanner.cpp */ = {isa = PBXFileReference; fileEncoding = 4; lastKnownFileType = sourcecode.cpp.cpp; path = DrawnBanner.cpp; sourceTree = "<group>"; };
		65861D721E2C64270020AA02 /* DrawnBanner.h */ = {isa = PBXFileReference; fileEncoding = 4; lastKnownFileType = sourcecode.c.h; path = DrawnBanner.h; sourceTree = "<group>"; };
		65861D731E2C64270020AA02 /* EndlessLayer.cpp */ = {isa = PBXFileReference; fileEncoding = 4; lastKnownFileType = sourcecode.cpp.cpp; path = EndlessLayer.cpp; sourceTree = "<group>"; };
		65861D741E2C64270020AA02 /* EndlessLayer.h */ = {isa = PBXFileReference; fileEncoding = 4; lastKnownFileType = sourcecode.c.h; path = EndlessLayer.h; sourceTree = "<group>"; };
		65861D751E2C64270020AA02 /* FAMenuButton.cpp */ = {isa = PBXFileReference; fileEncoding = 4; lastKnownFileType = sourcecode.cpp.cpp; path = FAMenuButton.cpp; sourceTree = "<group>"; };
		65861D761E2C64270020AA02 /* FAMenuButton.h */ = {isa = PBXFileReference; fileEncoding = 4; lastKnownFileType = sourcecode.c.h; path = FAMenuButton.h; sourceTree = "<group>"; };
		65861D771E2C64270020AA02 /* IconMenuButton.cpp */ = {isa = PBXFileReference; fileEncoding = 4; lastKnownFileType = sourcecode.cpp.cpp; path = IconMenuButton.cpp; sourceTree = "<group>"; };
		65861D781E2C64270020AA02 /* IconMenuButton.h */ = {isa = PBXFileReference; fileEncoding = 4; lastKnownFileType = sourcecode.c.h; path = IconMenuButton.h; sourceTree = "<group>"; };
		65861D791E2C64270020AA02 /* MenuButton.cpp */ = {isa = PBXFileReference; fileEncoding = 4; lastKnownFileType = sourcecode.cpp.cpp; path = MenuButton.cpp; sourceTree = "<group>"; };
		65861D7A1E2C64270020AA02 /* MenuButton.h */ = {isa = PBXFileReference; fileEncoding = 4; lastKnownFileType = sourcecode.c.h; path = MenuButton.h; sourceTree = "<group>"; };
		65861D7B1E2C64270020AA02 /* MenuLayer.cpp */ = {isa = PBXFileReference; fileEncoding = 4; lastKnownFileType = sourcecode.cpp.cpp; path = MenuLayer.cpp; sourceTree = "<group>"; };
		65861D7C1E2C64270020AA02 /* MenuLayer.h */ = {isa = PBXFileReference; fileEncoding = 4; lastKnownFileType = sourcecode.c.h; path = MenuLayer.h; sourceTree = "<group>"; };
		65861D7D1E2C64270020AA02 /* NavButtonLayer.cpp */ = {isa = PBXFileReference; fileEncoding = 4; lastKnownFileType = sourcecode.cpp.cpp; path = NavButtonLayer.cpp; sourceTree = "<group>"; };
		65861D7E1E2C64270020AA02 /* NavButtonLayer.h */ = {isa = PBXFileReference; fileEncoding = 4; lastKnownFileType = sourcecode.c.h; path = NavButtonLayer.h; sourceTree = "<group>"; };
		65861D7F1E2C64270020AA02 /* RankCard.cpp */ = {isa = PBXFileReference; fileEncoding = 4; lastKnownFileType = sourcecode.cpp.cpp; path = RankCard.cpp; sourceTree = "<group>"; };
		65861D801E2C64270020AA02 /* RankCard.h */ = {isa = PBXFileReference; fileEncoding = 4; lastKnownFileType = sourcecode.c.h; path = RankCard.h; sourceTree = "<group>"; };
		65861D811E2C64270020AA02 /* TimedCard.cpp */ = {isa = PBXFileReference; fileEncoding = 4; lastKnownFileType = sourcecode.cpp.cpp; path = TimedCard.cpp; sourceTree = "<group>"; };
		65861D821E2C64270020AA02 /* TimedCard.h */ = {isa = PBXFileReference; fileEncoding = 4; lastKnownFileType = sourcecode.c.h; path = TimedCard.h; sourceTree = "<group>"; };
		65861D831E2C64270020AA02 /* TimedLayer.cpp */ = {isa = PBXFileReference; fileEncoding = 4; lastKnownFileType = sourcecode.cpp.cpp; path = TimedLayer.cpp; sourceTree = "<group>"; };
		65861D841E2C64270020AA02 /* TimedLayer.h */ = {isa = PBXFileReference; fileEncoding = 4; lastKnownFileType = sourcecode.c.h; path = TimedLayer.h; sourceTree = "<group>"; };
		65861D851E2C64270020AA02 /* MenuButtonLayer.cpp */ = {isa = PBXFileReference; fileEncoding = 4; lastKnownFileType = sourcecode.cpp.cpp; path = MenuButtonLayer.cpp; sourceTree = "<group>"; };
		65861D861E2C64270020AA02 /* MenuButtonLayer.h */ = {isa = PBXFileReference; fileEncoding = 4; lastKnownFileType = sourcecode.c.h; path = MenuButtonLayer.h; sourceTree = "<group>"; };
		65861D881E2C64270020AA02 /* Blitzer.cpp */ = {isa = PBXFileReference; fileEncoding = 4; lastKnownFileType = sourcecode.cpp.cpp; path = Blitzer.cpp; sourceTree = "<group>"; };
		65861D891E2C64270020AA02 /* Blitzer.h */ = {isa = PBXFileReference; fileEncoding = 4; lastKnownFileType = sourcecode.c.h; path = Blitzer.h; sourceTree = "<group>"; };
		65861D8A1E2C64270020AA02 /* Dictionary.cpp */ = {isa = PBXFileReference; fileEncoding = 4; lastKnownFileType = sourcecode.cpp.cpp; path = Dictionary.cpp; sourceTree = "<group>"; };
		65861D8B1E2C64270020AA02 /* Dictionary.h */ = {isa = PBXFileReference; fileEncoding = 4; lastKnownFileType = sourcecode.c.h; path = Dictionary.h; sourceTree = "<group>"; };
		65861D8C1E2C64270020AA02 /* Game.cpp */ = {isa = PBXFileReference; fileEncoding = 4; lastKnownFileType = sourcecode.cpp.cpp; path = Game.cpp; sourceTree = "<group>"; };
		65861D8D1E2C64270020AA02 /* Game.h */ = {isa = PBXFileReference; fileEncoding = 4; lastKnownFileType = sourcecode.c.h; path = Game.h; sourceTree = "<group>"; };
		65861D8E1E2C64270020AA02 /* GameState.cpp */ = {isa = PBXFileReference; fileEncoding = 4; lastKnownFileType = sourcecode.cpp.cpp; path = GameState.cpp; sourceTree = "<group>"; };
		65861D8F1E2C64270020AA02 /* GameState.h */ = {isa = PBXFileReference; fileEncoding = 4; lastKnownFileType = sourcecode.c.h; path = GameState.h; sourceTree = "<group>"; };
		65861D911E2C64270020AA02 /* key */ = {isa = PBXFileReference; lastKnownFileType = file; path = key; sourceTree = "<group>"; };
		65861D921E2C64270020AA02 /* key.cpp */ = {isa = PBXFileReference; fileEncoding = 4; lastKnownFileType = sourcecode.cpp.cpp; path = key.cpp; sourceTree = "<group>"; };
		65861D931E2C64270020AA02 /* key.h */ = {isa = PBXFileReference; fileEncoding = 4; lastKnownFileType = sourcecode.c.h; path = key.h; sourceTree = "<group>"; };
		65861D941E2C64270020AA02 /* README.md */ = {isa = PBXFileReference; fileEncoding = 4; lastKnownFileType = net.daringfireball.markdown; path = README.md; sourceTree = "<group>"; };
		65861D951E2C64270020AA02 /* Puzzle.cpp */ = {isa = PBXFileReference; fileEncoding = 4; lastKnownFileType = sourcecode.cpp.cpp; path = Puzzle.cpp; sourceTree = "<group>"; };
		65861D961E2C64270020AA02 /* Puzzle.h */ = {isa = PBXFileReference; fileEncoding = 4; lastKnownFileType = sourcecode.c.h; path = Puzzle.h; sourceTree = "<group>"; };
		65861D971E2C64270020AA02 /* PuzzleManager.cpp */ = {isa = PBXFileReference; fileEncoding = 4; lastKnownFileType = sourcecode.cpp.cpp; path = PuzzleManager.cpp; sourceTree = "<group>"; };
		65861D981E2C64270020AA02 /* PuzzleManager.h */ = {isa = PBXFileReference; fileEncoding = 4; lastKnownFileType = sourcecode.c.h; path = PuzzleManager.h; sourceTree = "<group>"; };
		65861D991E2C64270020AA02 /* QuatStream.cpp */ = {isa = PBXFileReference; fileEncoding = 4; lastKnownFileType = sourcecode.cpp.cpp; path = QuatStream.cpp; sourceTree = "<group>"; };
		65861D9A1E2C64270020AA02 /* QuatStream.h */ = {isa = PBXFileReference; fileEncoding = 4; lastKnownFileType = sourcecode.c.h; path = QuatStream.h; sourceTree = "<group>"; };
		65861D9B1E2C64270020AA02 /* Theme.cpp */ = {isa = PBXFileReference; fileEncoding = 4; lastKnownFileType = sourcecode.cpp.cpp; path = Theme.cpp; sourceTree = "<group>"; };
		65861D9C1E2C64270020AA02 /* Theme.h */ = {isa = PBXFileReference; fileEncoding = 4; lastKnownFileType = sourcecode.c.h; path = Theme.h; sourceTree = "<group>"; };
		65861D9D1E2C64270020AA02 /* ThemeManager.h */ = {isa = PBXFileReference; fileEncoding = 4; lastKnownFileType = sourcecode.c.h; path = ThemeManager.h; sourceTree = "<group>"; };
		65861D9F1E2C64270020AA02 /* RankTheme.cpp */ = {isa = PBXFileReference; fileEncoding = 4; lastKnownFileType = sourcecode.cpp.cpp; path = RankTheme.cpp; sourceTree = "<group>"; };
		65861DA01E2C64270020AA02 /* RankTheme.h */ = {isa = PBXFileReference; fileEncoding = 4; lastKnownFileType = sourcecode.c.h; path = RankTheme.h; sourceTree = "<group>"; };
		65861DA11E2C64270020AA02 /* TimedState.cpp */ = {isa = PBXFileReference; fileEncoding = 4; lastKnownFileType = sourcecode.cpp.cpp; path = TimedState.cpp; sourceTree = "<group>"; };
		65861DA21E2C64270020AA02 /* TimedState.h */ = {isa = PBXFileReference; fileEncoding = 4; lastKnownFileType = sourcecode.c.h; path = TimedState.h; sourceTree = "<group>"; };
		65861DA31E2C64270020AA02 /* TimeUtils.cpp */ = {isa = PBXFileReference; fileEncoding = 4; lastKnownFileType = sourcecode.cpp.cpp; path = TimeUtils.cpp; sourceTree = "<group>"; };
		65861DA41E2C64270020AA02 /* TimeUtils.h */ = {isa = PBXFileReference; fileEncoding = 4; lastKnownFileType = sourcecode.c.h; path = TimeUtils.h; sourceTree = "<group>"; };
		65861DA51E2C64270020AA02 /* User.cpp */ = {isa = PBXFileReference; fileEncoding = 4; lastKnownFileType = sourcecode.cpp.cpp; path = User.cpp; sourceTree = "<group>"; };
		65861DA61E2C64270020AA02 /* User.h */ = {isa = PBXFileReference; fileEncoding = 4; lastKnownFileType = sourcecode.c.h; path = User.h; sourceTree = "<group>"; };
		65861DA81E2C64270020AA02 /* CircleNode.cpp */ = {isa = PBXFileReference; fileEncoding = 4; lastKnownFileType = sourcecode.cpp.cpp; path = CircleNode.cpp; sourceTree = "<group>"; };
		65861DA91E2C64270020AA02 /* CircleNode.h */ = {isa = PBXFileReference; fileEncoding = 4; lastKnownFileType = sourcecode.c.h; path = CircleNode.h; sourceTree = "<group>"; };
		65861DAA1E2C64270020AA02 /* IconNode.cpp */ = {isa = PBXFileReference; fileEncoding = 4; lastKnownFileType = sourcecode.cpp.cpp; path = IconNode.cpp; sourceTree = "<group>"; };
		65861DAB1E2C64270020AA02 /* IconNode.h */ = {isa = PBXFileReference; fileEncoding = 4; lastKnownFileType = sourcecode.c.h; path = IconNode.h; sourceTree = "<group>"; };
		65861DAC1E2C64270020AA02 /* ProgressBar.cpp */ = {isa = PBXFileReference; fileEncoding = 4; lastKnownFileType = sourcecode.cpp.cpp; path = ProgressBar.cpp; sourceTree = "<group>"; };
		65861DAD1E2C64270020AA02 /* ProgressBar.h */ = {isa = PBXFileReference; fileEncoding = 4; lastKnownFileType = sourcecode.c.h; path = ProgressBar.h; sourceTree = "<group>"; };
		65861DAE1E2C64270020AA02 /* RectRadius.cpp */ = {isa = PBXFileReference; fileEncoding = 4; lastKnownFileType = sourcecode.cpp.cpp; path = RectRadius.cpp; sourceTree = "<group>"; };
		65861DAF1E2C64270020AA02 /* RectRadius.h */ = {isa = PBXFileReference; fileEncoding = 4; lastKnownFileType = sourcecode.c.h; path = RectRadius.h; sourceTree = "<group>"; };
		65861DB51E2C64270020AA02 /* BannerButtonLayer.cpp */ = {isa = PBXFileReference; fileEncoding = 4; lastKnownFileType = sourcecode.cpp.cpp; path = BannerButtonLayer.cpp; sourceTree = "<group>"; };
		65861DB61E2C64270020AA02 /* BannerButtonLayer.h */ = {isa = PBXFileReference; fileEncoding = 4; lastKnownFileType = sourcecode.c.h; path = BannerButtonLayer.h; sourceTree = "<group>"; };
		65861DB71E2C64270020AA02 /* ExplodingCircle.cpp */ = {isa = PBXFileReference; fileEncoding = 4; lastKnownFileType = sourcecode.cpp.cpp; path = ExplodingCircle.cpp; sourceTree = "<group>"; };
		65861DB81E2C64270020AA02 /* ExplodingCircle.h */ = {isa = PBXFileReference; fileEncoding = 4; lastKnownFileType = sourcecode.c.h; path = ExplodingCircle.h; sourceTree = "<group>"; };
		65861DB91E2C64270020AA02 /* BlitzIndicatorLayer.cpp */ = {isa = PBXFileReference; fileEncoding = 4; lastKnownFileType = sourcecode.cpp.cpp; path = BlitzIndicatorLayer.cpp; sourceTree = "<group>"; };
		65861DBA1E2C64270020AA02 /* BlitzIndicatorLayer.h */ = {isa = PBXFileReference; fileEncoding = 4; lastKnownFileType = sourcecode.c.h; path = BlitzIndicatorLayer.h; sourceTree = "<group>"; };
		65861DBB1E2C64270020AA02 /* DefinitionButtonLayer.cpp */ = {isa = PBXFileReference; fileEncoding = 4; lastKnownFileType = sourcecode.cpp.cpp; path = DefinitionButtonLayer.cpp; sourceTree = "<group>"; };
		65861DBC1E2C64270020AA02 /* DefinitionButtonLayer.h */ = {isa = PBXFileReference; fileEncoding = 4; lastKnownFileType = sourcecode.c.h; path = DefinitionButtonLayer.h; sourceTree = "<group>"; };
		65861DBD1E2C64270020AA02 /* IndicatorLayer.cpp */ = {isa = PBXFileReference; fileEncoding = 4; lastKnownFileType = sourcecode.cpp.cpp; path = IndicatorLayer.cpp; sourceTree = "<group>"; };
		65861DBE1E2C64270020AA02 /* IndicatorLayer.h */ = {isa = PBXFileReference; fileEncoding = 4; lastKnownFileType = sourcecode.c.h; path = IndicatorLayer.h; sourceTree = "<group>"; };
		65861DBF1E2C64270020AA02 /* ProgressIndicatorLayer.cpp */ = {isa = PBXFileReference; fileEncoding = 4; lastKnownFileType = sourcecode.cpp.cpp; path = ProgressIndicatorLayer.cpp; sourceTree = "<group>"; };
		65861DC01E2C64270020AA02 /* ProgressIndicatorLayer.h */ = {isa = PBXFileReference; fileEncoding = 4; lastKnownFileType = sourcecode.c.h; path = ProgressIndicatorLayer.h; sourceTree = "<group>"; };
		65861DC11E2C64270020AA02 /* ProgressLayer.g */ = {isa = PBXFileReference; fileEncoding = 4; lastKnownFileType = text; path = ProgressLayer.g; sourceTree = "<group>"; };
		65861DC21E2C64270020AA02 /* ProgressLayer.h */ = {isa = PBXFileReference; fileEncoding = 4; lastKnownFileType = sourcecode.c.h; path = ProgressLayer.h; sourceTree = "<group>"; };
		65861DC31E2C64270020AA02 /* StepsIndicatorLayer.cpp */ = {isa = PBXFileReference; fileEncoding = 4; lastKnownFileType = sourcecode.cpp.cpp; path = StepsIndicatorLayer.cpp; sourceTree = "<group>"; };
		65861DC41E2C64270020AA02 /* StepsIndicatorLayer.h */ = {isa = PBXFileReference; fileEncoding = 4; lastKnownFileType = sourcecode.c.h; path = StepsIndicatorLayer.h; sourceTree = "<group>"; };
		65861DC51E2C64270020AA02 /* StepsLayer.cpp */ = {isa = PBXFileReference; fileEncoding = 4; lastKnownFileType = sourcecode.cpp.cpp; path = StepsLayer.cpp; sourceTree = "<group>"; };
		65861DC61E2C64270020AA02 /* StepsLayer.h */ = {isa = PBXFileReference; fileEncoding = 4; lastKnownFileType = sourcecode.c.h; path = StepsLayer.h; sourceTree = "<group>"; };
		65861DC71E2C64270020AA02 /* TextIndicatorLayer.cpp */ = {isa = PBXFileReference; fileEncoding = 4; lastKnownFileType = sourcecode.cpp.cpp; path = TextIndicatorLayer.cpp; sourceTree = "<group>"; };
		65861DC81E2C64270020AA02 /* TextIndicatorLayer.h */ = {isa = PBXFileReference; fileEncoding = 4; lastKnownFileType = sourcecode.c.h; path = TextIndicatorLayer.h; sourceTree = "<group>"; };
		65861DC91E2C64270020AA02 /* TimedIndicatorLayer.cpp */ = {isa = PBXFileReference; fileEncoding = 4; lastKnownFileType = sourcecode.cpp.cpp; path = TimedIndicatorLayer.cpp; sourceTree = "<group>"; };
		65861DCA1E2C64270020AA02 /* TimedIndicatorLayer.h */ = {isa = PBXFileReference; fileEncoding = 4; lastKnownFileType = sourcecode.c.h; path = TimedIndicatorLayer.h; sourceTree = "<group>"; };
		65861DCC1E2C64270020AA02 /* .ButtonsLayer.cpp.swo */ = {isa = PBXFileReference; lastKnownFileType = file; path = .ButtonsLayer.cpp.swo; sourceTree = "<group>"; };
		65861DCD1E2C64270020AA02 /* BorderedWordNode.cpp */ = {isa = PBXFileReference; fileEncoding = 4; lastKnownFileType = sourcecode.cpp.cpp; path = BorderedWordNode.cpp; sourceTree = "<group>"; };
		65861DCE1E2C64270020AA02 /* BorderedWordNode.h */ = {isa = PBXFileReference; fileEncoding = 4; lastKnownFileType = sourcecode.c.h; path = BorderedWordNode.h; sourceTree = "<group>"; };
		65861DCF1E2C64270020AA02 /* ButtonsLayer.cpp */ = {isa = PBXFileReference; fileEncoding = 4; lastKnownFileType = sourcecode.cpp.cpp; path = ButtonsLayer.cpp; sourceTree = "<group>"; };
		65861DD01E2C64270020AA02 /* ButtonsLayer.h */ = {isa = PBXFileReference; fileEncoding = 4; lastKnownFileType = sourcecode.c.h; path = ButtonsLayer.h; sourceTree = "<group>"; };
		65861DD11E2C64270020AA02 /* FutureSightButtonLayer.cpp */ = {isa = PBXFileReference; fileEncoding = 4; lastKnownFileType = sourcecode.cpp.cpp; path = FutureSightButtonLayer.cpp; sourceTree = "<group>"; };
		65861DD21E2C64270020AA02 /* FutureSightButtonLayer.h */ = {isa = PBXFileReference; fileEncoding = 4; lastKnownFileType = sourcecode.c.h; path = FutureSightButtonLayer.h; sourceTree = "<group>"; };
		65861DD31E2C64270020AA02 /* KeyboardLayer.cpp */ = {isa = PBXFileReference; fileEncoding = 4; lastKnownFileType = sourcecode.cpp.cpp; path = KeyboardLayer.cpp; sourceTree = "<group>"; };
		65861DD41E2C64270020AA02 /* KeyboardLayer.h */ = {isa = PBXFileReference; fileEncoding = 4; lastKnownFileType = sourcecode.c.h; path = KeyboardLayer.h; sourceTree = "<group>"; };
		65861DD51E2C64270020AA02 /* SkipButtonLayer.cpp */ = {isa = PBXFileReference; fileEncoding = 4; lastKnownFileType = sourcecode.cpp.cpp; path = SkipButtonLayer.cpp; sourceTree = "<group>"; };
		65861DD61E2C64270020AA02 /* SkipButtonLayer.h */ = {isa = PBXFileReference; fileEncoding = 4; lastKnownFileType = sourcecode.c.h; path = SkipButtonLayer.h; sourceTree = "<group>"; };
		65861DD71E2C64270020AA02 /* SolverKeyboardManager.cpp */ = {isa = PBXFileReference; fileEncoding = 4; lastKnownFileType = sourcecode.cpp.cpp; path = SolverKeyboardManager.cpp; sourceTree = "<group>"; };
		65861DD81E2C64270020AA02 /* SolverKeyboardManager.h */ = {isa = PBXFileReference; fileEncoding = 4; lastKnownFileType = sourcecode.c.h; path = SolverKeyboardManager.h; sourceTree = "<group>"; };
		65861DD91E2C64270020AA02 /* SolverTouchInputManager.cpp */ = {isa = PBXFileReference; fileEncoding = 4; lastKnownFileType = sourcecode.cpp.cpp; path = SolverTouchInputManager.cpp; sourceTree = "<group>"; };
		65861DDA1E2C64270020AA02 /* SolverTouchInputManager.h */ = {isa = PBXFileReference; fileEncoding = 4; lastKnownFileType = sourcecode.c.h; path = SolverTouchInputManager.h; sourceTree = "<group>"; };
		65861DDB1E2C64270020AA02 /* UndoButtonLayer.cpp */ = {isa = PBXFileReference; fileEncoding = 4; lastKnownFileType = sourcecode.cpp.cpp; path = UndoButtonLayer.cpp; sourceTree = "<group>"; };
		65861DDC1E2C64270020AA02 /* UndoButtonLayer.h */ = {isa = PBXFileReference; fileEncoding = 4; lastKnownFileType = sourcecode.c.h; path = UndoButtonLayer.h; sourceTree = "<group>"; };
		65861DDD1E2C64270020AA02 /* WordNode.cpp */ = {isa = PBXFileReference; fileEncoding = 4; lastKnownFileType = sourcecode.cpp.cpp; path = WordNode.cpp; sourceTree = "<group>"; };
		65861DDE1E2C64270020AA02 /* WordNode.h */ = {isa = PBXFileReference; fileEncoding = 4; lastKnownFileType = sourcecode.c.h; path = WordNode.h; sourceTree = "<group>"; };
		65861DDF1E2C64270020AA02 /* PuzzleLayer.cpp */ = {isa = PBXFileReference; fileEncoding = 4; lastKnownFileType = sourcecode.cpp.cpp; path = PuzzleLayer.cpp; sourceTree = "<group>"; };
		65861DE01E2C64270020AA02 /* PuzzleLayer.h */ = {isa = PBXFileReference; fileEncoding = 4; lastKnownFileType = sourcecode.c.h; path = PuzzleLayer.h; sourceTree = "<group>"; };
		65861DE11E2C64270020AA02 /* SolverStateController.cpp */ = {isa = PBXFileReference; fileEncoding = 4; lastKnownFileType = sourcecode.cpp.cpp; path = SolverStateController.cpp; sourceTree = "<group>"; };
		65861DE21E2C64270020AA02 /* SolverStateController.h */ = {isa = PBXFileReference; fileEncoding = 4; lastKnownFileType = sourcecode.c.h; path = SolverStateController.h; sourceTree = "<group>"; };
		65861DE31E2C64270020AA02 /* States.h */ = {isa = PBXFileReference; fileEncoding = 4; lastKnownFileType = sourcecode.c.h; path = States.h; sourceTree = "<group>"; };
		65861DE51E2C64270020AA02 /* HighScoreLayer.cpp */ = {isa = PBXFileReference; fileEncoding = 4; lastKnownFileType = sourcecode.cpp.cpp; path = HighScoreLayer.cpp; sourceTree = "<group>"; };
		65861DE61E2C64270020AA02 /* HighScoreLayer.h */ = {isa = PBXFileReference; fileEncoding = 4; lastKnownFileType = sourcecode.c.h; path = HighScoreLayer.h; sourceTree = "<group>"; };
		65861DE71E2C64270020AA02 /* TimedTransitionLayer.cpp */ = {isa = PBXFileReference; fileEncoding = 4; lastKnownFileType = sourcecode.cpp.cpp; path = TimedTransitionLayer.cpp; sourceTree = "<group>"; };
		65861DE81E2C64270020AA02 /* TimedTransitionLayer.h */ = {isa = PBXFileReference; fileEncoding = 4; lastKnownFileType = sourcecode.c.h; path = TimedTransitionLayer.h; sourceTree = "<group>"; };
		65861DE91E2C64270020AA02 /* TouchInputManager.cpp */ = {isa = PBXFileReference; fileEncoding = 4; lastKnownFileType = sourcecode.cpp.cpp; path = TouchInputManager.cpp; sourceTree = "<group>"; };
		65861DEA1E2C64270020AA02 /* TouchInputManager.h */ = {isa = PBXFileReference; fileEncoding = 4; lastKnownFileType = sourcecode.c.h; path = TouchInputManager.h; sourceTree = "<group>"; };
		65861DEB1E2C64270020AA02 /* Utils.cpp */ = {isa = PBXFileReference; fileEncoding = 4; lastKnownFileType = sourcecode.cpp.cpp; path = Utils.cpp; sourceTree = "<group>"; };
		65861DEC1E2C64270020AA02 /* Utils.h */ = {isa = PBXFileReference; fileEncoding = 4; lastKnownFileType = sourcecode.c.h; path = Utils.h; sourceTree = "<group>"; };
		8262943D1AAF051F00CB7CF7 /* Security.framework */ = {isa = PBXFileReference; lastKnownFileType = wrapper.framework; name = Security.framework; path = System/Library/Frameworks/Security.framework; sourceTree = SDKROOT; };
		BF170DB012928DE900B8313A /* OpenGLES.framework */ = {isa = PBXFileReference; lastKnownFileType = wrapper.framework; name = OpenGLES.framework; path = System/Library/Frameworks/OpenGLES.framework; sourceTree = SDKROOT; };
		BF170DB412928DE900B8313A /* libz.dylib */ = {isa = PBXFileReference; lastKnownFileType = "compiled.mach-o.dylib"; name = libz.dylib; path = usr/lib/libz.dylib; sourceTree = SDKROOT; };
		BF1C47EA1293683800B63C5D /* QuartzCore.framework */ = {isa = PBXFileReference; lastKnownFileType = wrapper.framework; name = QuartzCore.framework; path = System/Library/Frameworks/QuartzCore.framework; sourceTree = SDKROOT; };
		D44C620B132DFF330009C878 /* OpenAL.framework */ = {isa = PBXFileReference; lastKnownFileType = wrapper.framework; name = OpenAL.framework; path = System/Library/Frameworks/OpenAL.framework; sourceTree = SDKROOT; };
		D44C620D132DFF430009C878 /* AVFoundation.framework */ = {isa = PBXFileReference; lastKnownFileType = wrapper.framework; name = AVFoundation.framework; path = System/Library/Frameworks/AVFoundation.framework; sourceTree = SDKROOT; };
		D44C620F132DFF4E0009C878 /* AudioToolbox.framework */ = {isa = PBXFileReference; lastKnownFileType = wrapper.framework; name = AudioToolbox.framework; path = System/Library/Frameworks/AudioToolbox.framework; sourceTree = SDKROOT; };
		D6B0611A1803AB670077942B /* CoreMotion.framework */ = {isa = PBXFileReference; lastKnownFileType = wrapper.framework; name = CoreMotion.framework; path = Platforms/iPhoneOS.platform/Developer/SDKs/iPhoneOS7.0.sdk/System/Library/Frameworks/CoreMotion.framework; sourceTree = DEVELOPER_DIR; };
		ED545A7B1B68A1F400C3958E /* libiconv.dylib */ = {isa = PBXFileReference; lastKnownFileType = "compiled.mach-o.dylib"; name = libiconv.dylib; path = Platforms/iPhoneOS.platform/Developer/SDKs/iPhoneOS8.4.sdk/usr/lib/libiconv.dylib; sourceTree = DEVELOPER_DIR; };
		ED545A7D1B68A1FA00C3958E /* libiconv.dylib */ = {isa = PBXFileReference; lastKnownFileType = "compiled.mach-o.dylib"; name = libiconv.dylib; path = usr/lib/libiconv.dylib; sourceTree = SDKROOT; };
/* End PBXFileReference section */

/* Begin PBXFrameworksBuildPhase section */
		1D60588F0D05DD3D006BFB54 /* Frameworks */ = {
			isa = PBXFrameworksBuildPhase;
			buildActionMask = 2147483647;
			files = (
				294D0D641D0D56D500F7F5D4 /* CoreText.framework in Frameworks */,
				ED545A7C1B68A1F400C3958E /* libiconv.dylib in Frameworks */,
				52B47A471A53D09C004E4C60 /* Security.framework in Frameworks */,
				1AC6FB30180E99EB004C840B /* libcocos2d iOS.a in Frameworks */,
				D6B0611B1803AB670077942B /* CoreMotion.framework in Frameworks */,
				1D60589F0D05DD5A006BFB54 /* Foundation.framework in Frameworks */,
				1DF5F4E00D08C38300B7A737 /* UIKit.framework in Frameworks */,
				288765A50DF7441C002DB57D /* CoreGraphics.framework in Frameworks */,
				BF171245129291EC00B8313A /* OpenGLES.framework in Frameworks */,
				BF1712471292920000B8313A /* libz.dylib in Frameworks */,
				BF1C47F01293687400B63C5D /* QuartzCore.framework in Frameworks */,
				D44C620C132DFF330009C878 /* OpenAL.framework in Frameworks */,
				D44C620E132DFF430009C878 /* AVFoundation.framework in Frameworks */,
				D44C6210132DFF4E0009C878 /* AudioToolbox.framework in Frameworks */,
			);
			runOnlyForDeploymentPostprocessing = 0;
		};
		5087E75C17EB910900C73F5D /* Frameworks */ = {
			isa = PBXFrameworksBuildPhase;
			buildActionMask = 2147483647;
			files = (
				ED545A7E1B68A1FA00C3958E /* libiconv.dylib in Frameworks */,
				1AC6FB21180E996B004C840B /* libcocos2d Mac.a in Frameworks */,
				5087E76717EB910900C73F5D /* libz.dylib in Frameworks */,
				8262943E1AAF051F00CB7CF7 /* Security.framework in Frameworks */,
				503AE11B17EB9C5A00D1A890 /* IOKit.framework in Frameworks */,
				5087E78B17EB975400C73F5D /* OpenGL.framework in Frameworks */,
				5087E78917EB974C00C73F5D /* AppKit.framework in Frameworks */,
				5087E76317EB910900C73F5D /* Foundation.framework in Frameworks */,
				5087E76817EB910900C73F5D /* QuartzCore.framework in Frameworks */,
				5087E76917EB910900C73F5D /* OpenAL.framework in Frameworks */,
				5087E76A17EB910900C73F5D /* AVFoundation.framework in Frameworks */,
				5087E76B17EB910900C73F5D /* AudioToolbox.framework in Frameworks */,
			);
			runOnlyForDeploymentPostprocessing = 0;
		};
/* End PBXFrameworksBuildPhase section */

/* Begin PBXGroup section */
		080E96DDFE201D6D7F000001 /* ios */ = {
			isa = PBXGroup;
			children = (
				5087E77117EB970100C73F5D /* Icons */,
				503AE0FA17EB989F00D1A890 /* AppController.h */,
				503AE0FB17EB989F00D1A890 /* AppController.mm */,
				503AE0FC17EB989F00D1A890 /* main.m */,
				503AE0FD17EB989F00D1A890 /* Prefix.pch */,
				503AE0FE17EB989F00D1A890 /* RootViewController.h */,
				503AE0FF17EB989F00D1A890 /* RootViewController.mm */,
			);
			name = ios;
			path = Classes;
			sourceTree = "<group>";
		};
		19C28FACFE9D520D11CA2CBB /* Products */ = {
			isa = PBXGroup;
			children = (
				1D6058910D05DD3D006BFB54 /* QUAT-mobile.app */,
				5087E76F17EB910900C73F5D /* QUAT-desktop.app */,
			);
			name = Products;
			sourceTree = "<group>";
		};
		1AC6FAE6180E9839004C840B /* Products */ = {
			isa = PBXGroup;
			children = (
				1AC6FAF9180E9839004C840B /* libcocos2d Mac.a */,
				1AC6FB07180E9839004C840B /* libcocos2d iOS.a */,
				65BE1EA71DB8227100A97A2F /* libcocos2d tvOS.a */,
			);
			name = Products;
			sourceTree = "<group>";
		};
		29B97314FDCFA39411CA2CEA /* CustomTemplate */ = {
			isa = PBXGroup;
			children = (
				46880B8319C43A87006E1F66 /* Classes */,
				46880B7519C43A67006E1F66 /* Resources */,
				1AC6FAE5180E9839004C840B /* cocos2d_libs.xcodeproj */,
				29B97323FDCFA39411CA2CEA /* Frameworks */,
				080E96DDFE201D6D7F000001 /* ios */,
				503AE10617EB990700D1A890 /* mac */,
				19C28FACFE9D520D11CA2CBB /* Products */,
			);
			name = CustomTemplate;
			sourceTree = "<group>";
		};
		29B97323FDCFA39411CA2CEA /* Frameworks */ = {
			isa = PBXGroup;
			children = (
				294D0D631D0D56D500F7F5D4 /* CoreText.framework */,
				ED545A7D1B68A1FA00C3958E /* libiconv.dylib */,
				ED545A7B1B68A1F400C3958E /* libiconv.dylib */,
				8262943D1AAF051F00CB7CF7 /* Security.framework */,
				52B47A461A53D09B004E4C60 /* Security.framework */,
				D6B0611A1803AB670077942B /* CoreMotion.framework */,
				503AE11A17EB9C5A00D1A890 /* IOKit.framework */,
				503AE11117EB99EE00D1A890 /* libcurl.dylib */,
				5087E78A17EB975400C73F5D /* OpenGL.framework */,
				5087E78817EB974C00C73F5D /* AppKit.framework */,
				1ACB3243164770DE00914215 /* libcurl.a */,
				BF170DB412928DE900B8313A /* libz.dylib */,
				D44C620F132DFF4E0009C878 /* AudioToolbox.framework */,
				D44C620D132DFF430009C878 /* AVFoundation.framework */,
				288765A40DF7441C002DB57D /* CoreGraphics.framework */,
				1D30AB110D05D00D00671497 /* Foundation.framework */,
				D44C620B132DFF330009C878 /* OpenAL.framework */,
				BF170DB012928DE900B8313A /* OpenGLES.framework */,
				BF1C47EA1293683800B63C5D /* QuartzCore.framework */,
				1DF5F4DF0D08C38300B7A737 /* UIKit.framework */,
			);
			name = Frameworks;
			sourceTree = "<group>";
		};
		46880B7519C43A67006E1F66 /* Resources */ = {
			isa = PBXGroup;
			children = (
				653945F91DD8EEB900D9E0E5 /* banner.png */,
				653945FA1DD8EEB900D9E0E5 /* definition.png */,
				653945FB1DD8EEB900D9E0E5 /* dict */,
				653945FC1DD8EEB900D9E0E5 /* fonts */,
				653945FD1DD8EEB900D9E0E5 /* future.png */,
				653945FE1DD8EEB900D9E0E5 /* HelloWorld.png */,
				653945FF1DD8EEB900D9E0E5 /* icons */,
				653946001DD8EEB900D9E0E5 /* menu-buttons */,
				653946011DD8EEB900D9E0E5 /* puzzles.quat */,
				653946021DD8EEB900D9E0E5 /* res */,
				653946031DD8EEB900D9E0E5 /* skip.png */,
				653946041DD8EEB900D9E0E5 /* undo.png */,
				653946051DD8EEB900D9E0E5 /* wordbook.png */,
			);
			name = Resources;
			path = ../Resources;
			sourceTree = "<group>";
		};
		46880B8319C43A87006E1F66 /* Classes */ = {
			isa = PBXGroup;
			children = (
				65861D551E2C64270020AA02 /* ads */,
				65861D581E2C64270020AA02 /* AppDelegate.cpp */,
				65861D591E2C64270020AA02 /* AppDelegate.h */,
				65861D5A1E2C64270020AA02 /* BackgroundLayer.cpp */,
				65861D5B1E2C64270020AA02 /* BackgroundLayer.h */,
				65861D5C1E2C64270020AA02 /* Clickable.cpp */,
				65861D5D1E2C64270020AA02 /* Clickable.h */,
				65861D5E1E2C64270020AA02 /* CloseButton.cpp */,
				65861D5F1E2C64270020AA02 /* CloseButton.h */,
				65861D601E2C64270020AA02 /* Constants.h */,
				65861D661E2C64270020AA02 /* GameScene.cpp */,
				65861D671E2C64270020AA02 /* GameScene.h */,
				65861D681E2C64270020AA02 /* GameStateController.cpp */,
				65861D691E2C64270020AA02 /* GameStateController.h */,
				65861D6A1E2C64270020AA02 /* menu */,
				65861D851E2C64270020AA02 /* MenuButtonLayer.cpp */,
				65861D861E2C64270020AA02 /* MenuButtonLayer.h */,
				65861D871E2C64270020AA02 /* models */,
				65861DA71E2C64270020AA02 /* nodes */,
				65861DB21E2C64270020AA02 /* solver */,
				65861DE31E2C64270020AA02 /* States.h */,
				65861DE41E2C64270020AA02 /* timed */,
				65861DE91E2C64270020AA02 /* TouchInputManager.cpp */,
				65861DEA1E2C64270020AA02 /* TouchInputManager.h */,
				65861DEB1E2C64270020AA02 /* Utils.cpp */,
				65861DEC1E2C64270020AA02 /* Utils.h */,
			);
			name = Classes;
			path = ../Classes;
			sourceTree = "<group>";
		};
		503AE0F517EB97AB00D1A890 /* Icons */ = {
			isa = PBXGroup;
			children = (
				503AE0F617EB97AB00D1A890 /* Icon.icns */,
				503AE0F717EB97AB00D1A890 /* Info.plist */,
			);
			name = Icons;
			path = mac;
			sourceTree = SOURCE_ROOT;
		};
		503AE10617EB990700D1A890 /* mac */ = {
			isa = PBXGroup;
			children = (
				503AE0F517EB97AB00D1A890 /* Icons */,
				503AE10317EB98FF00D1A890 /* main.cpp */,
				503AE10417EB98FF00D1A890 /* Prefix.pch */,
			);
			name = mac;
			sourceTree = "<group>";
		};
		5087E77117EB970100C73F5D /* Icons */ = {
			isa = PBXGroup;
			children = (
				521A8E6219F0C34300D177D7 /* Default-667h@2x.png */,
				521A8E6319F0C34300D177D7 /* Default-736h@3x.png */,
				5087E77217EB970100C73F5D /* Default-568h@2x.png */,
				5087E77317EB970100C73F5D /* Default.png */,
				5087E77417EB970100C73F5D /* Default@2x.png */,
				50EF62A017ECD613001EB2F8 /* Icon-29.png */,
				50EF62A117ECD613001EB2F8 /* Icon-50.png */,
				50EF629217ECD46A001EB2F8 /* Icon-40.png */,
				50EF629317ECD46A001EB2F8 /* Icon-58.png */,
				50EF629417ECD46A001EB2F8 /* Icon-80.png */,
				50EF629517ECD46A001EB2F8 /* Icon-100.png */,
				5087E77517EB970100C73F5D /* Icon-114.png */,
				5087E77617EB970100C73F5D /* Icon-120.png */,
				5087E77717EB970100C73F5D /* Icon-144.png */,
				5087E77817EB970100C73F5D /* Icon-152.png */,
				5087E77917EB970100C73F5D /* Icon-57.png */,
				5087E77A17EB970100C73F5D /* Icon-72.png */,
				5087E77B17EB970100C73F5D /* Icon-76.png */,
				5087E77C17EB970100C73F5D /* Info.plist */,
			);
			name = Icons;
			path = ios;
			sourceTree = SOURCE_ROOT;
		};
		65861D551E2C64270020AA02 /* ads */ = {
			isa = PBXGroup;
			children = (
				65861D561E2C64270020AA02 /* AdLayer.cpp */,
				65861D571E2C64270020AA02 /* AdLayer.h */,
			);
			path = ads;
			sourceTree = "<group>";
		};
		65861D6A1E2C64270020AA02 /* menu */ = {
			isa = PBXGroup;
			children = (
				65861D6B1E2C64270020AA02 /* BannerButton.cpp */,
				65861D6C1E2C64270020AA02 /* BannerButton.h */,
				65861D6D1E2C64270020AA02 /* BuyLayer.cpp */,
				65861D6E1E2C64270020AA02 /* BuyLayer.h */,
				65861D6F1E2C64270020AA02 /* CreditsLayer.cpp */,
				65861D701E2C64270020AA02 /* CreditsLayer.h */,
				65861D711E2C64270020AA02 /* DrawnBanner.cpp */,
				65861D721E2C64270020AA02 /* DrawnBanner.h */,
				65861D731E2C64270020AA02 /* EndlessLayer.cpp */,
				65861D741E2C64270020AA02 /* EndlessLayer.h */,
				65861D751E2C64270020AA02 /* FAMenuButton.cpp */,
				65861D761E2C64270020AA02 /* FAMenuButton.h */,
				65861D771E2C64270020AA02 /* IconMenuButton.cpp */,
				65861D781E2C64270020AA02 /* IconMenuButton.h */,
				65861D791E2C64270020AA02 /* MenuButton.cpp */,
				65861D7A1E2C64270020AA02 /* MenuButton.h */,
				65861D7B1E2C64270020AA02 /* MenuLayer.cpp */,
				65861D7C1E2C64270020AA02 /* MenuLayer.h */,
				65861D7D1E2C64270020AA02 /* NavButtonLayer.cpp */,
				65861D7E1E2C64270020AA02 /* NavButtonLayer.h */,
				65861D7F1E2C64270020AA02 /* RankCard.cpp */,
				65861D801E2C64270020AA02 /* RankCard.h */,
				65861D811E2C64270020AA02 /* TimedCard.cpp */,
				65861D821E2C64270020AA02 /* TimedCard.h */,
				65861D831E2C64270020AA02 /* TimedLayer.cpp */,
				65861D841E2C64270020AA02 /* TimedLayer.h */,
			);
			path = menu;
			sourceTree = "<group>";
		};
		65861D871E2C64270020AA02 /* models */ = {
			isa = PBXGroup;
			children = (
				65861D881E2C64270020AA02 /* Blitzer.cpp */,
				65861D891E2C64270020AA02 /* Blitzer.h */,
				65861D8A1E2C64270020AA02 /* Dictionary.cpp */,
				65861D8B1E2C64270020AA02 /* Dictionary.h */,
				65861D8C1E2C64270020AA02 /* Game.cpp */,
				65861D8D1E2C64270020AA02 /* Game.h */,
				65861D8E1E2C64270020AA02 /* GameState.cpp */,
				65861D8F1E2C64270020AA02 /* GameState.h */,
				65861D901E2C64270020AA02 /* keys */,
				65861D951E2C64270020AA02 /* Puzzle.cpp */,
				65861D961E2C64270020AA02 /* Puzzle.h */,
				65861D971E2C64270020AA02 /* PuzzleManager.cpp */,
				65861D981E2C64270020AA02 /* PuzzleManager.h */,
				65861D991E2C64270020AA02 /* QuatStream.cpp */,
				65861D9A1E2C64270020AA02 /* QuatStream.h */,
				65861D9B1E2C64270020AA02 /* Theme.cpp */,
				65861D9C1E2C64270020AA02 /* Theme.h */,
				65861D9D1E2C64270020AA02 /* ThemeManager.h */,
				65861D9E1E2C64270020AA02 /* themes */,
				65861DA11E2C64270020AA02 /* TimedState.cpp */,
				65861DA21E2C64270020AA02 /* TimedState.h */,
				65861DA31E2C64270020AA02 /* TimeUtils.cpp */,
				65861DA41E2C64270020AA02 /* TimeUtils.h */,
				65861DA51E2C64270020AA02 /* User.cpp */,
				65861DA61E2C64270020AA02 /* User.h */,
			);
			path = models;
			sourceTree = "<group>";
		};
		65861D901E2C64270020AA02 /* keys */ = {
			isa = PBXGroup;
			children = (
				65861D911E2C64270020AA02 /* key */,
				65861D921E2C64270020AA02 /* key.cpp */,
				65861D931E2C64270020AA02 /* key.h */,
				65861D941E2C64270020AA02 /* README.md */,
			);
			path = keys;
			sourceTree = "<group>";
		};
		65861D9E1E2C64270020AA02 /* themes */ = {
			isa = PBXGroup;
			children = (
				65861D9F1E2C64270020AA02 /* RankTheme.cpp */,
				65861DA01E2C64270020AA02 /* RankTheme.h */,
			);
			path = themes;
			sourceTree = "<group>";
		};
		65861DA71E2C64270020AA02 /* nodes */ = {
			isa = PBXGroup;
			children = (
				65861DA81E2C64270020AA02 /* CircleNode.cpp */,
				65861DA91E2C64270020AA02 /* CircleNode.h */,
				65861DAA1E2C64270020AA02 /* IconNode.cpp */,
				65861DAB1E2C64270020AA02 /* IconNode.h */,
				65861DAC1E2C64270020AA02 /* ProgressBar.cpp */,
				65861DAD1E2C64270020AA02 /* ProgressBar.h */,
				65861DAE1E2C64270020AA02 /* RectRadius.cpp */,
				65861DAF1E2C64270020AA02 /* RectRadius.h */,
			);
			path = nodes;
			sourceTree = "<group>";
		};
		65861DB21E2C64270020AA02 /* solver */ = {
			isa = PBXGroup;
			children = (
				65861DB31E2C64270020AA02 /* info */,
				65861DCB1E2C64270020AA02 /* input */,
				65861DDF1E2C64270020AA02 /* PuzzleLayer.cpp */,
				65861DE01E2C64270020AA02 /* PuzzleLayer.h */,
				65861DE11E2C64270020AA02 /* SolverStateController.cpp */,
				65861DE21E2C64270020AA02 /* SolverStateController.h */,
			);
			path = solver;
			sourceTree = "<group>";
		};
		65861DB31E2C64270020AA02 /* info */ = {
			isa = PBXGroup;
			children = (
				65861DB41E2C64270020AA02 /* banner */,
				65861DB91E2C64270020AA02 /* BlitzIndicatorLayer.cpp */,
				65861DBA1E2C64270020AA02 /* BlitzIndicatorLayer.h */,
				65861DBB1E2C64270020AA02 /* DefinitionButtonLayer.cpp */,
				65861DBC1E2C64270020AA02 /* DefinitionButtonLayer.h */,
				65861DBD1E2C64270020AA02 /* IndicatorLayer.cpp */,
				65861DBE1E2C64270020AA02 /* IndicatorLayer.h */,
				65861DBF1E2C64270020AA02 /* ProgressIndicatorLayer.cpp */,
				65861DC01E2C64270020AA02 /* ProgressIndicatorLayer.h */,
				65861DC11E2C64270020AA02 /* ProgressLayer.g */,
				65861DC21E2C64270020AA02 /* ProgressLayer.h */,
				65861DC31E2C64270020AA02 /* StepsIndicatorLayer.cpp */,
				65861DC41E2C64270020AA02 /* StepsIndicatorLayer.h */,
				65861DC51E2C64270020AA02 /* StepsLayer.cpp */,
				65861DC61E2C64270020AA02 /* StepsLayer.h */,
				65861DC71E2C64270020AA02 /* TextIndicatorLayer.cpp */,
				65861DC81E2C64270020AA02 /* TextIndicatorLayer.h */,
				65861DC91E2C64270020AA02 /* TimedIndicatorLayer.cpp */,
				65861DCA1E2C64270020AA02 /* TimedIndicatorLayer.h */,
			);
			path = info;
			sourceTree = "<group>";
		};
		65861DB41E2C64270020AA02 /* banner */ = {
			isa = PBXGroup;
			children = (
				65861DB51E2C64270020AA02 /* BannerButtonLayer.cpp */,
				65861DB61E2C64270020AA02 /* BannerButtonLayer.h */,
				65861DB71E2C64270020AA02 /* ExplodingCircle.cpp */,
				65861DB81E2C64270020AA02 /* ExplodingCircle.h */,
			);
			path = banner;
			sourceTree = "<group>";
		};
		65861DCB1E2C64270020AA02 /* input */ = {
			isa = PBXGroup;
			children = (
				65861DCC1E2C64270020AA02 /* .ButtonsLayer.cpp.swo */,
				65861DCD1E2C64270020AA02 /* BorderedWordNode.cpp */,
				65861DCE1E2C64270020AA02 /* BorderedWordNode.h */,
				65861DCF1E2C64270020AA02 /* ButtonsLayer.cpp */,
				65861DD01E2C64270020AA02 /* ButtonsLayer.h */,
				65861DD11E2C64270020AA02 /* FutureSightButtonLayer.cpp */,
				65861DD21E2C64270020AA02 /* FutureSightButtonLayer.h */,
				65861DD31E2C64270020AA02 /* KeyboardLayer.cpp */,
				65861DD41E2C64270020AA02 /* KeyboardLayer.h */,
				65861DD51E2C64270020AA02 /* SkipButtonLayer.cpp */,
				65861DD61E2C64270020AA02 /* SkipButtonLayer.h */,
				65861DD71E2C64270020AA02 /* SolverKeyboardManager.cpp */,
				65861DD81E2C64270020AA02 /* SolverKeyboardManager.h */,
				65861DD91E2C64270020AA02 /* SolverTouchInputManager.cpp */,
				65861DDA1E2C64270020AA02 /* SolverTouchInputManager.h */,
				65861DDB1E2C64270020AA02 /* UndoButtonLayer.cpp */,
				65861DDC1E2C64270020AA02 /* UndoButtonLayer.h */,
				65861DDD1E2C64270020AA02 /* WordNode.cpp */,
				65861DDE1E2C64270020AA02 /* WordNode.h */,
			);
			path = input;
			sourceTree = "<group>";
		};
		65861DE41E2C64270020AA02 /* timed */ = {
			isa = PBXGroup;
			children = (
				65861DE51E2C64270020AA02 /* HighScoreLayer.cpp */,
				65861DE61E2C64270020AA02 /* HighScoreLayer.h */,
				65861DE71E2C64270020AA02 /* TimedTransitionLayer.cpp */,
				65861DE81E2C64270020AA02 /* TimedTransitionLayer.h */,
			);
			path = timed;
			sourceTree = "<group>";
		};
/* End PBXGroup section */

/* Begin PBXNativeTarget section */
		1D6058900D05DD3D006BFB54 /* QUAT-mobile */ = {
			isa = PBXNativeTarget;
			buildConfigurationList = 1D6058960D05DD3E006BFB54 /* Build configuration list for PBXNativeTarget "QUAT-mobile" */;
			buildPhases = (
				1D60588D0D05DD3D006BFB54 /* Resources */,
				1D60588E0D05DD3D006BFB54 /* Sources */,
				1D60588F0D05DD3D006BFB54 /* Frameworks */,
			);
			buildRules = (
			);
			dependencies = (
				1AC6FB25180E99E1004C840B /* PBXTargetDependency */,
			);
			name = "QUAT-mobile";
			productName = iphone;
			productReference = 1D6058910D05DD3D006BFB54 /* QUAT-mobile.app */;
			productType = "com.apple.product-type.application";
		};
		5087E73D17EB910900C73F5D /* QUAT-desktop */ = {
			isa = PBXNativeTarget;
			buildConfigurationList = 5087E76C17EB910900C73F5D /* Build configuration list for PBXNativeTarget "QUAT-desktop" */;
			buildPhases = (
				5087E74817EB910900C73F5D /* Resources */,
				5087E75617EB910900C73F5D /* Sources */,
				5087E75C17EB910900C73F5D /* Frameworks */,
			);
			buildRules = (
			);
			dependencies = (
				1AC6FB16180E9959004C840B /* PBXTargetDependency */,
			);
			name = "QUAT-desktop";
			productName = iphone;
			productReference = 5087E76F17EB910900C73F5D /* QUAT-desktop.app */;
			productType = "com.apple.product-type.application";
		};
/* End PBXNativeTarget section */

/* Begin PBXProject section */
		29B97313FDCFA39411CA2CEA /* Project object */ = {
			isa = PBXProject;
			attributes = {
				LastUpgradeCheck = 0800;
				TargetAttributes = {
					1D6058900D05DD3D006BFB54 = {
						DevelopmentTeam = G7DJV2GE86;
						ProvisioningStyle = Automatic;
					};
					5087E73D17EB910900C73F5D = {
						DevelopmentTeam = G7DJV2GE86;
					};
				};
			};
			buildConfigurationList = C01FCF4E08A954540054247B /* Build configuration list for PBXProject "QUAT" */;
			compatibilityVersion = "Xcode 3.2";
			developmentRegion = English;
			hasScannedForEncodings = 1;
			knownRegions = (
				English,
				Japanese,
				French,
				German,
			);
			mainGroup = 29B97314FDCFA39411CA2CEA /* CustomTemplate */;
			projectDirPath = "";
			projectReferences = (
				{
					ProductGroup = 1AC6FAE6180E9839004C840B /* Products */;
					ProjectRef = 1AC6FAE5180E9839004C840B /* cocos2d_libs.xcodeproj */;
				},
			);
			projectRoot = "";
			targets = (
				1D6058900D05DD3D006BFB54 /* QUAT-mobile */,
				5087E73D17EB910900C73F5D /* QUAT-desktop */,
			);
		};
/* End PBXProject section */

/* Begin PBXReferenceProxy section */
		1AC6FAF9180E9839004C840B /* libcocos2d Mac.a */ = {
			isa = PBXReferenceProxy;
			fileType = archive.ar;
			path = "libcocos2d Mac.a";
			remoteRef = 1AC6FAF8180E9839004C840B /* PBXContainerItemProxy */;
			sourceTree = BUILT_PRODUCTS_DIR;
		};
		1AC6FB07180E9839004C840B /* libcocos2d iOS.a */ = {
			isa = PBXReferenceProxy;
			fileType = archive.ar;
			path = "libcocos2d iOS.a";
			remoteRef = 1AC6FB06180E9839004C840B /* PBXContainerItemProxy */;
			sourceTree = BUILT_PRODUCTS_DIR;
		};
		65BE1EA71DB8227100A97A2F /* libcocos2d tvOS.a */ = {
			isa = PBXReferenceProxy;
			fileType = archive.ar;
			path = "libcocos2d tvOS.a";
			remoteRef = 65BE1EA61DB8227100A97A2F /* PBXContainerItemProxy */;
			sourceTree = BUILT_PRODUCTS_DIR;
		};
/* End PBXReferenceProxy section */

/* Begin PBXResourcesBuildPhase section */
		1D60588D0D05DD3D006BFB54 /* Resources */ = {
			isa = PBXResourcesBuildPhase;
			buildActionMask = 2147483647;
			files = (
				5087E78117EB970100C73F5D /* Icon-120.png in Resources */,
				5087E78617EB970100C73F5D /* Icon-76.png in Resources */,
				5087E77F17EB970100C73F5D /* Default@2x.png in Resources */,
				65861E1E1E2C64280020AA02 /* ProgressLayer.g in Resources */,
				50EF629917ECD46A001EB2F8 /* Icon-100.png in Resources */,
				653946081DD8EEB900D9E0E5 /* dict in Resources */,
				5087E78317EB970100C73F5D /* Icon-152.png in Resources */,
				653946121DD8EEB900D9E0E5 /* wordbook.png in Resources */,
				6539460E1DD8EEB900D9E0E5 /* puzzles.quat in Resources */,
				653946071DD8EEB900D9E0E5 /* definition.png in Resources */,
				5087E77D17EB970100C73F5D /* Default-568h@2x.png in Resources */,
				5087E78517EB970100C73F5D /* Icon-72.png in Resources */,
				521A8E6519F0C34300D177D7 /* Default-736h@3x.png in Resources */,
				65861E081E2C64280020AA02 /* key in Resources */,
				653946091DD8EEB900D9E0E5 /* fonts in Resources */,
				50EF62A317ECD613001EB2F8 /* Icon-50.png in Resources */,
				5087E78017EB970100C73F5D /* Icon-114.png in Resources */,
				50EF62A217ECD613001EB2F8 /* Icon-29.png in Resources */,
				50EF629617ECD46A001EB2F8 /* Icon-40.png in Resources */,
				6539460B1DD8EEB900D9E0E5 /* HelloWorld.png in Resources */,
				6539460A1DD8EEB900D9E0E5 /* future.png in Resources */,
				5087E78217EB970100C73F5D /* Icon-144.png in Resources */,
				50EF629817ECD46A001EB2F8 /* Icon-80.png in Resources */,
				5087E78417EB970100C73F5D /* Icon-57.png in Resources */,
				5087E77E17EB970100C73F5D /* Default.png in Resources */,
				653946111DD8EEB900D9E0E5 /* undo.png in Resources */,
				6539460F1DD8EEB900D9E0E5 /* res in Resources */,
				6539460D1DD8EEB900D9E0E5 /* menu-buttons in Resources */,
				521A8E6419F0C34300D177D7 /* Default-667h@2x.png in Resources */,
				653946101DD8EEB900D9E0E5 /* skip.png in Resources */,
				50EF629717ECD46A001EB2F8 /* Icon-58.png in Resources */,
				653946061DD8EEB900D9E0E5 /* banner.png in Resources */,
				6539460C1DD8EEB900D9E0E5 /* icons in Resources */,
				65861E231E2C64280020AA02 /* .ButtonsLayer.cpp.swo in Resources */,
			);
			runOnlyForDeploymentPostprocessing = 0;
		};
		5087E74817EB910900C73F5D /* Resources */ = {
			isa = PBXResourcesBuildPhase;
			buildActionMask = 2147483647;
			files = (
				503AE0F817EB97AB00D1A890 /* Icon.icns in Resources */,
			);
			runOnlyForDeploymentPostprocessing = 0;
		};
/* End PBXResourcesBuildPhase section */

/* Begin PBXSourcesBuildPhase section */
		1D60588E0D05DD3D006BFB54 /* Sources */ = {
			isa = PBXSourcesBuildPhase;
			buildActionMask = 2147483647;
			files = (
				65861E331E2C64EB0020AA02 /* AppController.h in Sources */,
				65861E341E2C64EB0020AA02 /* AppController.mm in Sources */,
				65861E351E2C64EB0020AA02 /* Prefix.pch in Sources */,
				65861E361E2C64EB0020AA02 /* RootViewController.h in Sources */,
				65861E371E2C64EB0020AA02 /* RootViewController.mm in Sources */,
				65861E0B1E2C64280020AA02 /* Puzzle.cpp in Sources */,
				65861E061E2C64270020AA02 /* Game.cpp in Sources */,
				65861DF61E2C64270020AA02 /* BannerButton.cpp in Sources */,
				65861E321E2C64280020AA02 /* Utils.cpp in Sources */,
				65861E1F1E2C64280020AA02 /* StepsIndicatorLayer.cpp in Sources */,
				65861DFF1E2C64270020AA02 /* NavButtonLayer.cpp in Sources */,
				65861E041E2C64270020AA02 /* Blitzer.cpp in Sources */,
				65861E2C1E2C64280020AA02 /* WordNode.cpp in Sources */,
				65861E091E2C64280020AA02 /* key.cpp in Sources */,
				65861E0C1E2C64280020AA02 /* PuzzleManager.cpp in Sources */,
				65861E111E2C64280020AA02 /* TimeUtils.cpp in Sources */,
				65861DF11E2C64270020AA02 /* CloseButton.cpp in Sources */,
				65861E151E2C64280020AA02 /* ProgressBar.cpp in Sources */,
				65861E011E2C64270020AA02 /* TimedCard.cpp in Sources */,
				65861E2F1E2C64280020AA02 /* HighScoreLayer.cpp in Sources */,
				65861E271E2C64280020AA02 /* KeyboardLayer.cpp in Sources */,
				65861E1C1E2C64280020AA02 /* IndicatorLayer.cpp in Sources */,
				65861E141E2C64280020AA02 /* IconNode.cpp in Sources */,
				65861E0F1E2C64280020AA02 /* RankTheme.cpp in Sources */,
				65861DFD1E2C64270020AA02 /* MenuButton.cpp in Sources */,
				65861E1D1E2C64280020AA02 /* ProgressIndicatorLayer.cpp in Sources */,
				65861DF81E2C64270020AA02 /* CreditsLayer.cpp in Sources */,
				65861DED1E2C64270020AA02 /* AdLayer.cpp in Sources */,
				65861E0D1E2C64280020AA02 /* QuatStream.cpp in Sources */,
				65861E261E2C64280020AA02 /* FutureSightButtonLayer.cpp in Sources */,
				65861E1A1E2C64280020AA02 /* BlitzIndicatorLayer.cpp in Sources */,
				65861E191E2C64280020AA02 /* ExplodingCircle.cpp in Sources */,
				65861E0A1E2C64280020AA02 /* README.md in Sources */,
				65861DEF1E2C64270020AA02 /* BackgroundLayer.cpp in Sources */,
				65861E2B1E2C64280020AA02 /* UndoButtonLayer.cpp in Sources */,
				65861E311E2C64280020AA02 /* TouchInputManager.cpp in Sources */,
				65861E131E2C64280020AA02 /* CircleNode.cpp in Sources */,
				65861E2A1E2C64280020AA02 /* SolverTouchInputManager.cpp in Sources */,
				65861DF71E2C64270020AA02 /* BuyLayer.cpp in Sources */,
				503AE10117EB989F00D1A890 /* main.m in Sources */,
				65861DFE1E2C64270020AA02 /* MenuLayer.cpp in Sources */,
				65861E021E2C64270020AA02 /* TimedLayer.cpp in Sources */,
				65861DFB1E2C64270020AA02 /* FAMenuButton.cpp in Sources */,
				65861DF01E2C64270020AA02 /* Clickable.cpp in Sources */,
				65861E2D1E2C64280020AA02 /* PuzzleLayer.cpp in Sources */,
				65861DF91E2C64270020AA02 /* DrawnBanner.cpp in Sources */,
				65861E251E2C64280020AA02 /* ButtonsLayer.cpp in Sources */,
				65861E161E2C64280020AA02 /* RectRadius.cpp in Sources */,
				65861E2E1E2C64280020AA02 /* SolverStateController.cpp in Sources */,
				65861DF51E2C64270020AA02 /* GameStateController.cpp in Sources */,
				65861E031E2C64270020AA02 /* MenuButtonLayer.cpp in Sources */,
				65861E101E2C64280020AA02 /* TimedState.cpp in Sources */,
				65861E201E2C64280020AA02 /* StepsLayer.cpp in Sources */,
				65861DF41E2C64270020AA02 /* GameScene.cpp in Sources */,
				65861E221E2C64280020AA02 /* TimedIndicatorLayer.cpp in Sources */,
				65861E301E2C64280020AA02 /* TimedTransitionLayer.cpp in Sources */,
				65861E281E2C64280020AA02 /* SkipButtonLayer.cpp in Sources */,
				65861E121E2C64280020AA02 /* User.cpp in Sources */,
				65861E241E2C64280020AA02 /* BorderedWordNode.cpp in Sources */,
				65861E1B1E2C64280020AA02 /* DefinitionButtonLayer.cpp in Sources */,
				65861E0E1E2C64280020AA02 /* Theme.cpp in Sources */,
				65861DFA1E2C64270020AA02 /* EndlessLayer.cpp in Sources */,
				65861E291E2C64280020AA02 /* SolverKeyboardManager.cpp in Sources */,
				65861E181E2C64280020AA02 /* BannerButtonLayer.cpp in Sources */,
				65861DEE1E2C64270020AA02 /* AppDelegate.cpp in Sources */,
				65861E211E2C64280020AA02 /* TextIndicatorLayer.cpp in Sources */,
				65861E051E2C64270020AA02 /* Dictionary.cpp in Sources */,
				65861E071E2C64270020AA02 /* GameState.cpp in Sources */,
				65861E001E2C64270020AA02 /* RankCard.cpp in Sources */,
				65861DFC1E2C64270020AA02 /* IconMenuButton.cpp in Sources */,
			);
			runOnlyForDeploymentPostprocessing = 0;
		};
		5087E75617EB910900C73F5D /* Sources */ = {
			isa = PBXSourcesBuildPhase;
			buildActionMask = 2147483647;
			files = (
				503AE10517EB98FF00D1A890 /* main.cpp in Sources */,
			);
			runOnlyForDeploymentPostprocessing = 0;
		};
/* End PBXSourcesBuildPhase section */

/* Begin PBXTargetDependency section */
		1AC6FB16180E9959004C840B /* PBXTargetDependency */ = {
			isa = PBXTargetDependency;
			name = "cocos2dx Mac";
			targetProxy = 1AC6FB15180E9959004C840B /* PBXContainerItemProxy */;
		};
		1AC6FB25180E99E1004C840B /* PBXTargetDependency */ = {
			isa = PBXTargetDependency;
			name = "cocos2dx iOS";
			targetProxy = 1AC6FB24180E99E1004C840B /* PBXContainerItemProxy */;
		};
/* End PBXTargetDependency section */

/* Begin XCBuildConfiguration section */
		1D6058940D05DD3E006BFB54 /* Debug */ = {
			isa = XCBuildConfiguration;
			buildSettings = {
				ALWAYS_SEARCH_USER_PATHS = YES;
				CODE_SIGN_IDENTITY = "iPhone Developer";
				"CODE_SIGN_IDENTITY[sdk=iphoneos*]" = "iPhone Developer";
				COMPRESS_PNG_FILES = NO;
				DEVELOPMENT_TEAM = G7DJV2GE86;
				ENABLE_BITCODE = NO;
				GCC_DYNAMIC_NO_PIC = NO;
				GCC_INLINES_ARE_PRIVATE_EXTERN = NO;
				GCC_PRECOMPILE_PREFIX_HEADER = YES;
				GCC_PREFIX_HEADER = ios/Prefix.pch;
				GCC_PREPROCESSOR_DEFINITIONS = (
					USE_FILE32API,
					"COCOS2D_DEBUG=1",
					"CC_ENABLE_CHIPMUNK_INTEGRATION=1",
				);
				GCC_SYMBOLS_PRIVATE_EXTERN = NO;
				HEADER_SEARCH_PATHS = "$(inherited)";
				INFOPLIST_FILE = ios/Info.plist;
				IPHONEOS_DEPLOYMENT_TARGET = 8.0;
				LIBRARY_SEARCH_PATHS = "";
				ONLY_ACTIVE_ARCH = YES;
				OTHER_LDFLAGS = (
					"$(_COCOS_LIB_IOS_BEGIN)",
					"$(_COCOS_LIB_IOS_END)",
				);
				PRODUCT_BUNDLE_IDENTIFIER = me.quatga;
				PROVISIONING_PROFILE = "";
				PROVISIONING_PROFILE_SPECIFIER = "";
				SDKROOT = iphoneos;
				STRIP_PNG_TEXT = NO;
				TARGETED_DEVICE_FAMILY = "1,2";
				USER_HEADER_SEARCH_PATHS = "$(_COCOS_HEADER_IOS_BEGIN) $(_COCOS_HEADER_IOS_END)";
				VALID_ARCHS = "arm64 armv7";
			};
			name = Debug;
		};
		1D6058950D05DD3E006BFB54 /* Release */ = {
			isa = XCBuildConfiguration;
			buildSettings = {
				ALWAYS_SEARCH_USER_PATHS = YES;
				CODE_SIGN_IDENTITY = "iPhone Developer";
				"CODE_SIGN_IDENTITY[sdk=iphoneos*]" = "iPhone Developer";
				COMPRESS_PNG_FILES = NO;
				DEVELOPMENT_TEAM = G7DJV2GE86;
				ENABLE_BITCODE = NO;
				GCC_INLINES_ARE_PRIVATE_EXTERN = NO;
				GCC_PRECOMPILE_PREFIX_HEADER = YES;
				GCC_PREFIX_HEADER = ios/Prefix.pch;
				GCC_PREPROCESSOR_DEFINITIONS = (
					USE_FILE32API,
					"CC_ENABLE_CHIPMUNK_INTEGRATION=1",
				);
				GCC_SYMBOLS_PRIVATE_EXTERN = NO;
				HEADER_SEARCH_PATHS = "$(inherited)";
				INFOPLIST_FILE = ios/Info.plist;
				IPHONEOS_DEPLOYMENT_TARGET = 8.0;
				LIBRARY_SEARCH_PATHS = "";
				ONLY_ACTIVE_ARCH = YES;
				OTHER_LDFLAGS = (
					"$(_COCOS_LIB_IOS_BEGIN)",
					"$(_COCOS_LIB_IOS_END)",
				);
				PRODUCT_BUNDLE_IDENTIFIER = me.quatga;
				SDKROOT = iphoneos;
				STRIP_PNG_TEXT = NO;
				TARGETED_DEVICE_FAMILY = "1,2";
				USER_HEADER_SEARCH_PATHS = "$(_COCOS_HEADER_IOS_BEGIN) $(_COCOS_HEADER_IOS_END)";
				VALID_ARCHS = "arm64 armv7";
			};
			name = Release;
		};
		5087E76D17EB910900C73F5D /* Debug */ = {
			isa = XCBuildConfiguration;
			buildSettings = {
				ALWAYS_SEARCH_USER_PATHS = YES;
				CLANG_CXX_LANGUAGE_STANDARD = "c++0x";
				CLANG_CXX_LIBRARY = "libc++";
				GCC_DYNAMIC_NO_PIC = NO;
				GCC_INLINES_ARE_PRIVATE_EXTERN = NO;
				GCC_PRECOMPILE_PREFIX_HEADER = YES;
				GCC_PREFIX_HEADER = mac/Prefix.pch;
				GCC_PREPROCESSOR_DEFINITIONS = (
					USE_FILE32API,
					"COCOS2D_DEBUG=1",
					"CC_ENABLE_CHIPMUNK_INTEGRATION=1",
				);
				GCC_SYMBOLS_PRIVATE_EXTERN = NO;
				HEADER_SEARCH_PATHS = (
					"$(inherited)",
					"$(SRCROOT)/../cocos2d/external/glfw3/include/mac",
				);
				INFOPLIST_FILE = mac/Info.plist;
				LIBRARY_SEARCH_PATHS = "";
				OTHER_LDFLAGS = (
					"$(_COCOS_LIB_MAC_BEGIN)",
					"$(_COCOS_LIB_MAC_END)",
				);
				PRODUCT_BUNDLE_IDENTIFIER = me.quatga;
				USER_HEADER_SEARCH_PATHS = "$(_COCOS_HEADER_MAC_BEGIN) $(_COCOS_HEADER_MAC_END)";
			};
			name = Debug;
		};
		5087E76E17EB910900C73F5D /* Release */ = {
			isa = XCBuildConfiguration;
			buildSettings = {
				ALWAYS_SEARCH_USER_PATHS = YES;
				CLANG_CXX_LANGUAGE_STANDARD = "c++0x";
				CLANG_CXX_LIBRARY = "libc++";
				GCC_INLINES_ARE_PRIVATE_EXTERN = NO;
				GCC_PRECOMPILE_PREFIX_HEADER = YES;
				GCC_PREFIX_HEADER = mac/Prefix.pch;
				GCC_PREPROCESSOR_DEFINITIONS = (
					USE_FILE32API,
					"CC_ENABLE_CHIPMUNK_INTEGRATION=1",
				);
				GCC_SYMBOLS_PRIVATE_EXTERN = NO;
				HEADER_SEARCH_PATHS = (
					"$(inherited)",
					"$(SRCROOT)/../cocos2d/external/glfw3/include/mac",
				);
				INFOPLIST_FILE = mac/Info.plist;
				LIBRARY_SEARCH_PATHS = "";
				OTHER_LDFLAGS = (
					"$(_COCOS_LIB_MAC_BEGIN)",
					"$(_COCOS_LIB_MAC_END)",
				);
				PRODUCT_BUNDLE_IDENTIFIER = me.quatga;
				USER_HEADER_SEARCH_PATHS = "$(_COCOS_HEADER_MAC_BEGIN) $(_COCOS_HEADER_MAC_END)";
			};
			name = Release;
		};
		C01FCF4F08A954540054247B /* Debug */ = {
			isa = XCBuildConfiguration;
			buildSettings = {
				CLANG_CXX_LANGUAGE_STANDARD = "c++0x";
				CLANG_CXX_LIBRARY = "libc++";
				CLANG_WARN_BOOL_CONVERSION = YES;
				CLANG_WARN_CONSTANT_CONVERSION = YES;
				CLANG_WARN_EMPTY_BODY = YES;
				CLANG_WARN_ENUM_CONVERSION = YES;
				CLANG_WARN_INFINITE_RECURSION = YES;
				CLANG_WARN_INT_CONVERSION = YES;
				CLANG_WARN_SUSPICIOUS_MOVE = YES;
				CLANG_WARN_UNREACHABLE_CODE = YES;
				CLANG_WARN__DUPLICATE_METHOD_MATCH = YES;
				COPY_PHASE_STRIP = NO;
				DEVELOPMENT_TEAM = G7DJV2GE86;
				ENABLE_STRICT_OBJC_MSGSEND = YES;
				ENABLE_TESTABILITY = YES;
				GCC_NO_COMMON_BLOCKS = YES;
				GCC_OPTIMIZATION_LEVEL = 0;
				GCC_WARN_64_TO_32_BIT_CONVERSION = YES;
				GCC_WARN_ABOUT_RETURN_TYPE = YES;
				GCC_WARN_UNDECLARED_SELECTOR = YES;
				GCC_WARN_UNINITIALIZED_AUTOS = YES;
				GCC_WARN_UNUSED_FUNCTION = YES;
				GCC_WARN_UNUSED_VARIABLE = YES;
				HEADER_SEARCH_PATHS = (
					"$(SRCROOT)/../cocos2d",
					"$(SRCROOT)/../cocos2d/cocos/audio/include",
					"$(SRCROOT)/../cocos2d/cocos",
					"$(SRCROOT)/../cocos2d/extensions",
					"$(SRCROOT)/../cocos2d/external",
					"$(SRCROOT)/../cocos2d/external/chipmunk/include/chipmunk",
				);
				IPHONEOS_DEPLOYMENT_TARGET = 8.0;
				MACOSX_DEPLOYMENT_TARGET = 10.7;
				ONLY_ACTIVE_ARCH = YES;
				PRODUCT_NAME = "$(TARGET_NAME)";
				SDKROOT = macosx;
			};
			name = Debug;
		};
		C01FCF5008A954540054247B /* Release */ = {
			isa = XCBuildConfiguration;
			buildSettings = {
				CLANG_CXX_LANGUAGE_STANDARD = "c++0x";
				CLANG_CXX_LIBRARY = "libc++";
				CLANG_WARN_BOOL_CONVERSION = YES;
				CLANG_WARN_CONSTANT_CONVERSION = YES;
				CLANG_WARN_EMPTY_BODY = YES;
				CLANG_WARN_ENUM_CONVERSION = YES;
				CLANG_WARN_INFINITE_RECURSION = YES;
				CLANG_WARN_INT_CONVERSION = YES;
				CLANG_WARN_SUSPICIOUS_MOVE = YES;
				CLANG_WARN_UNREACHABLE_CODE = YES;
				CLANG_WARN__DUPLICATE_METHOD_MATCH = YES;
				DEVELOPMENT_TEAM = G7DJV2GE86;
				ENABLE_STRICT_OBJC_MSGSEND = YES;
				GCC_NO_COMMON_BLOCKS = YES;
				GCC_WARN_64_TO_32_BIT_CONVERSION = YES;
				GCC_WARN_ABOUT_RETURN_TYPE = YES;
				GCC_WARN_UNDECLARED_SELECTOR = YES;
				GCC_WARN_UNINITIALIZED_AUTOS = YES;
				GCC_WARN_UNUSED_FUNCTION = YES;
				GCC_WARN_UNUSED_VARIABLE = YES;
				HEADER_SEARCH_PATHS = (
					"$(SRCROOT)/../cocos2d",
					"$(SRCROOT)/../cocos2d/cocos/audio/include",
					"$(SRCROOT)/../cocos2d/cocos",
					"$(SRCROOT)/../cocos2d/extensions",
					"$(SRCROOT)/../cocos2d/external",
					"$(SRCROOT)/../cocos2d/external/chipmunk/include/chipmunk",
				);
				IPHONEOS_DEPLOYMENT_TARGET = 8.0;
				MACOSX_DEPLOYMENT_TARGET = 10.7;
				OTHER_CFLAGS = "-DNS_BLOCK_ASSERTIONS=1";
				PRODUCT_NAME = "$(TARGET_NAME)";
				SDKROOT = macosx;
				VALIDATE_PRODUCT = YES;
			};
			name = Release;
		};
/* End XCBuildConfiguration section */

/* Begin XCConfigurationList section */
		1D6058960D05DD3E006BFB54 /* Build configuration list for PBXNativeTarget "QUAT-mobile" */ = {
			isa = XCConfigurationList;
			buildConfigurations = (
				1D6058940D05DD3E006BFB54 /* Debug */,
				1D6058950D05DD3E006BFB54 /* Release */,
			);
			defaultConfigurationIsVisible = 0;
			defaultConfigurationName = Debug;
		};
		5087E76C17EB910900C73F5D /* Build configuration list for PBXNativeTarget "QUAT-desktop" */ = {
			isa = XCConfigurationList;
			buildConfigurations = (
				5087E76D17EB910900C73F5D /* Debug */,
				5087E76E17EB910900C73F5D /* Release */,
			);
			defaultConfigurationIsVisible = 0;
			defaultConfigurationName = Debug;
		};
		C01FCF4E08A954540054247B /* Build configuration list for PBXProject "QUAT" */ = {
			isa = XCConfigurationList;
			buildConfigurations = (
				C01FCF4F08A954540054247B /* Debug */,
				C01FCF5008A954540054247B /* Release */,
			);
			defaultConfigurationIsVisible = 0;
			defaultConfigurationName = Debug;
		};
/* End XCConfigurationList section */
	};
	rootObject = 29B97313FDCFA39411CA2CEA /* Project object */;
}
